// !$*UTF8*$!
{
	archiveVersion = 1;
	classes = {
	};
	objectVersion = 55;
	objects = {

/* Begin PBXBuildFile section */
		8D13F1F528E1EE4B00A334B3 /* ValidateFeedFromCacheUseCaseTests.swift in Sources */ = {isa = PBXBuildFile; fileRef = 8D13F1F428E1EE4B00A334B3 /* ValidateFeedFromCacheUseCaseTests.swift */; };
		8D13F1F728E1F2B500A334B3 /* FeedCacheTestHelpers.swift in Sources */ = {isa = PBXBuildFile; fileRef = 8D13F1F628E1F2B500A334B3 /* FeedCacheTestHelpers.swift */; };
		8D13F1F928E1F36900A334B3 /* SharedTestHelpers.swift in Sources */ = {isa = PBXBuildFile; fileRef = 8D13F1F828E1F36900A334B3 /* SharedTestHelpers.swift */; };
		8DB1EA9728E2E67300B40291 /* FeedCachePolicy.swift in Sources */ = {isa = PBXBuildFile; fileRef = 8DB1EA9628E2E67300B40291 /* FeedCachePolicy.swift */; };
		8DB1EA9D28E32EC000B40291 /* FeedStoreSpecs.swift in Sources */ = {isa = PBXBuildFile; fileRef = 8DB1EA9C28E32EC000B40291 /* FeedStoreSpecs.swift */; };
		8DB1EA9F28E32F3B00B40291 /* XCTestCase+FeedStoreSpecs.swift in Sources */ = {isa = PBXBuildFile; fileRef = 8DB1EA9E28E32F3B00B40291 /* XCTestCase+FeedStoreSpecs.swift */; };
		8DB1EAA128E3310700B40291 /* XCTestCase+FailableRetrieveFeedStoreSpecs.swift in Sources */ = {isa = PBXBuildFile; fileRef = 8DB1EAA028E3310700B40291 /* XCTestCase+FailableRetrieveFeedStoreSpecs.swift */; };
		8DB1EAA328E331BA00B40291 /* XCTestCase+FailableInsertFeedStoreSpecs.swift in Sources */ = {isa = PBXBuildFile; fileRef = 8DB1EAA228E331BA00B40291 /* XCTestCase+FailableInsertFeedStoreSpecs.swift */; };
		8DB1EAA528E3321100B40291 /* XCTestCase+FailableDeleteFeedStoreSpecs.swift in Sources */ = {isa = PBXBuildFile; fileRef = 8DB1EAA428E3321100B40291 /* XCTestCase+FailableDeleteFeedStoreSpecs.swift */; };
		8DB1EAA828E333BD00B40291 /* CoreDataFeedStoreTests.swift in Sources */ = {isa = PBXBuildFile; fileRef = 8DB1EAA728E333BD00B40291 /* CoreDataFeedStoreTests.swift */; };
		8DB1EAAA28E445AC00B40291 /* CoreDataFeedStore.swift in Sources */ = {isa = PBXBuildFile; fileRef = 8DB1EAA928E445AC00B40291 /* CoreDataFeedStore.swift */; };
		8DB1EAAD28E446CF00B40291 /* FeedStore.xcdatamodeld in Sources */ = {isa = PBXBuildFile; fileRef = 8DB1EAAB28E446CF00B40291 /* FeedStore.xcdatamodeld */; };
		8DB1EAB228E4614A00B40291 /* CoreDataHelpers.swift in Sources */ = {isa = PBXBuildFile; fileRef = 8DB1EAB128E4614A00B40291 /* CoreDataHelpers.swift */; };
		8DB1EAB428E461D200B40291 /* ManagedCache.swift in Sources */ = {isa = PBXBuildFile; fileRef = 8DB1EAB328E461D200B40291 /* ManagedCache.swift */; };
		8DB1EAB628E461FA00B40291 /* ManagedFeedImage.swift in Sources */ = {isa = PBXBuildFile; fileRef = 8DB1EAB528E461FA00B40291 /* ManagedFeedImage.swift */; };
		8DB1EABE28E4636A00B40291 /* EssentialFeedCacheIntegrationTests.swift in Sources */ = {isa = PBXBuildFile; fileRef = 8DB1EABD28E4636A00B40291 /* EssentialFeedCacheIntegrationTests.swift */; };
		8DB1EABF28E4636A00B40291 /* EssentialFeed.framework in Frameworks */ = {isa = PBXBuildFile; fileRef = 8DDFB0A928DC4FD900904759 /* EssentialFeed.framework */; };
		8DB1EAC528E4647E00B40291 /* XCTestCase+TrackMemoryLeaksHelper.swift in Sources */ = {isa = PBXBuildFile; fileRef = 8DDFB10228DDB05B00904759 /* XCTestCase+TrackMemoryLeaksHelper.swift */; };
		8DB1EAC628E4659F00B40291 /* FeedCacheTestHelpers.swift in Sources */ = {isa = PBXBuildFile; fileRef = 8D13F1F628E1F2B500A334B3 /* FeedCacheTestHelpers.swift */; };
		8DB1EAC728E465C900B40291 /* SharedTestHelpers.swift in Sources */ = {isa = PBXBuildFile; fileRef = 8D13F1F828E1F36900A334B3 /* SharedTestHelpers.swift */; };
		8DB1EAF728E46C6000B40291 /* EssentialFeediOS.framework in Frameworks */ = {isa = PBXBuildFile; fileRef = 8DB1EAEF28E46C6000B40291 /* EssentialFeediOS.framework */; };
		8DB1EB0528E46CD600B40291 /* EssentialFeediOS.swift in Sources */ = {isa = PBXBuildFile; fileRef = 8DB1EB0428E46CD600B40291 /* EssentialFeediOS.swift */; };
		8DB1EB0728E473FC00B40291 /* FeedViewControllerTests.swift in Sources */ = {isa = PBXBuildFile; fileRef = 8DB1EB0628E473FC00B40291 /* FeedViewControllerTests.swift */; };
		8DB1EB0928E4782600B40291 /* EssentialFeed.framework in Frameworks */ = {isa = PBXBuildFile; fileRef = 8DDFB0A928DC4FD900904759 /* EssentialFeed.framework */; };
		8DB1EB0A28E4782600B40291 /* EssentialFeed.framework in Embed Frameworks */ = {isa = PBXBuildFile; fileRef = 8DDFB0A928DC4FD900904759 /* EssentialFeed.framework */; settings = {ATTRIBUTES = (RemoveHeadersOnCopy, ); }; };
		8DDFB0B428DC505000904759 /* FeedImage.swift in Sources */ = {isa = PBXBuildFile; fileRef = 8DDFB0B328DC505000904759 /* FeedImage.swift */; };
		8DDFB0B628DC507E00904759 /* FeedLoader.swift in Sources */ = {isa = PBXBuildFile; fileRef = 8DDFB0B528DC507E00904759 /* FeedLoader.swift */; };
		8DDFB0E328DC5F2D00904759 /* EssentialFeed.framework in Frameworks */ = {isa = PBXBuildFile; fileRef = 8DDFB0A928DC4FD900904759 /* EssentialFeed.framework */; };
		8DDFB0EC28DC5F8D00904759 /* LoadFeedFromRemoteUseCaseTests.swift in Sources */ = {isa = PBXBuildFile; fileRef = 8DDFB0EB28DC5F8D00904759 /* LoadFeedFromRemoteUseCaseTests.swift */; };
		8DDFB0F928DC784800904759 /* RemoteFeedLoader.swift in Sources */ = {isa = PBXBuildFile; fileRef = 8DDFB0F828DC784800904759 /* RemoteFeedLoader.swift */; };
		8DDFB0FB28DCCC3B00904759 /* HTTPClient.swift in Sources */ = {isa = PBXBuildFile; fileRef = 8DDFB0FA28DCCC3B00904759 /* HTTPClient.swift */; };
		8DDFB0FD28DCCC5400904759 /* FeedItemsMapper.swift in Sources */ = {isa = PBXBuildFile; fileRef = 8DDFB0FC28DCCC5400904759 /* FeedItemsMapper.swift */; };
		8DDFB10028DD95B500904759 /* URLSessionHTTPClientTests.swift in Sources */ = {isa = PBXBuildFile; fileRef = 8DDFB0FF28DD95B500904759 /* URLSessionHTTPClientTests.swift */; };
		8DDFB10328DDB05B00904759 /* XCTestCase+TrackMemoryLeaksHelper.swift in Sources */ = {isa = PBXBuildFile; fileRef = 8DDFB10228DDB05B00904759 /* XCTestCase+TrackMemoryLeaksHelper.swift */; };
		8DDFB10528DDDB4E00904759 /* URLSessionHTTPClient.swift in Sources */ = {isa = PBXBuildFile; fileRef = 8DDFB10428DDDB4E00904759 /* URLSessionHTTPClient.swift */; };
		8DDFB10D28DDF7C300904759 /* EssentialFeedAPIEndToEndTests.swift in Sources */ = {isa = PBXBuildFile; fileRef = 8DDFB10C28DDF7C300904759 /* EssentialFeedAPIEndToEndTests.swift */; };
		8DDFB10E28DDF7C300904759 /* EssentialFeed.framework in Frameworks */ = {isa = PBXBuildFile; fileRef = 8DDFB0A928DC4FD900904759 /* EssentialFeed.framework */; };
		8DDFB11428DDFC7E00904759 /* XCTestCase+TrackMemoryLeaksHelper.swift in Sources */ = {isa = PBXBuildFile; fileRef = 8DDFB10228DDB05B00904759 /* XCTestCase+TrackMemoryLeaksHelper.swift */; };
		8DF4F2CB28E1A89B003497A9 /* CacheFeedUseCaseTests.swift in Sources */ = {isa = PBXBuildFile; fileRef = 8DF4F2CA28E1A89B003497A9 /* CacheFeedUseCaseTests.swift */; };
		8DF4F2CD28E1C5CE003497A9 /* LocalFeedLoader.swift in Sources */ = {isa = PBXBuildFile; fileRef = 8DF4F2CC28E1C5CE003497A9 /* LocalFeedLoader.swift */; };
		8DF4F2CF28E1C5E0003497A9 /* FeedStore.swift in Sources */ = {isa = PBXBuildFile; fileRef = 8DF4F2CE28E1C5E0003497A9 /* FeedStore.swift */; };
		8DF4F2D128E1CC91003497A9 /* RemoteFeedImage.swift in Sources */ = {isa = PBXBuildFile; fileRef = 8DF4F2D028E1CC91003497A9 /* RemoteFeedImage.swift */; };
		8DF4F2D328E1CCD8003497A9 /* LocalFeedItem.swift in Sources */ = {isa = PBXBuildFile; fileRef = 8DF4F2D228E1CCD8003497A9 /* LocalFeedItem.swift */; };
		8DF4F2D528E1D0B1003497A9 /* LoadFeedFromCacheUseCaseTests.swift in Sources */ = {isa = PBXBuildFile; fileRef = 8DF4F2D428E1D0B1003497A9 /* LoadFeedFromCacheUseCaseTests.swift */; };
		8DF4F2D828E1D17C003497A9 /* FeedStoreSpy.swift in Sources */ = {isa = PBXBuildFile; fileRef = 8DF4F2D728E1D17C003497A9 /* FeedStoreSpy.swift */; };
/* End PBXBuildFile section */

/* Begin PBXContainerItemProxy section */
		8DB1EAC028E4636A00B40291 /* PBXContainerItemProxy */ = {
			isa = PBXContainerItemProxy;
			containerPortal = 8DDFB0A028DC4FD900904759 /* Project object */;
			proxyType = 1;
			remoteGlobalIDString = 8DDFB0A828DC4FD900904759;
			remoteInfo = EssentialFeed;
		};
		8DB1EAF828E46C6000B40291 /* PBXContainerItemProxy */ = {
			isa = PBXContainerItemProxy;
			containerPortal = 8DDFB0A028DC4FD900904759 /* Project object */;
			proxyType = 1;
			remoteGlobalIDString = 8DB1EAEE28E46C6000B40291;
			remoteInfo = EssentialFeediOS;
		};
		8DB1EB0B28E4782600B40291 /* PBXContainerItemProxy */ = {
			isa = PBXContainerItemProxy;
			containerPortal = 8DDFB0A028DC4FD900904759 /* Project object */;
			proxyType = 1;
			remoteGlobalIDString = 8DDFB0A828DC4FD900904759;
			remoteInfo = EssentialFeed;
		};
		8DDFB0E428DC5F2D00904759 /* PBXContainerItemProxy */ = {
			isa = PBXContainerItemProxy;
			containerPortal = 8DDFB0A028DC4FD900904759 /* Project object */;
			proxyType = 1;
			remoteGlobalIDString = 8DDFB0A828DC4FD900904759;
			remoteInfo = EssentialFeed;
		};
		8DDFB10F28DDF7C300904759 /* PBXContainerItemProxy */ = {
			isa = PBXContainerItemProxy;
			containerPortal = 8DDFB0A028DC4FD900904759 /* Project object */;
			proxyType = 1;
			remoteGlobalIDString = 8DDFB0A828DC4FD900904759;
			remoteInfo = EssentialFeed;
		};
/* End PBXContainerItemProxy section */

/* Begin PBXCopyFilesBuildPhase section */
		8DB1EB0D28E4782600B40291 /* Embed Frameworks */ = {
			isa = PBXCopyFilesBuildPhase;
			buildActionMask = 2147483647;
			dstPath = "";
			dstSubfolderSpec = 10;
			files = (
				8DB1EB0A28E4782600B40291 /* EssentialFeed.framework in Embed Frameworks */,
			);
			name = "Embed Frameworks";
			runOnlyForDeploymentPostprocessing = 0;
		};
/* End PBXCopyFilesBuildPhase section */

/* Begin PBXFileReference section */
		8D13F1F428E1EE4B00A334B3 /* ValidateFeedFromCacheUseCaseTests.swift */ = {isa = PBXFileReference; lastKnownFileType = sourcecode.swift; path = ValidateFeedFromCacheUseCaseTests.swift; sourceTree = "<group>"; };
		8D13F1F628E1F2B500A334B3 /* FeedCacheTestHelpers.swift */ = {isa = PBXFileReference; lastKnownFileType = sourcecode.swift; path = FeedCacheTestHelpers.swift; sourceTree = "<group>"; };
		8D13F1F828E1F36900A334B3 /* SharedTestHelpers.swift */ = {isa = PBXFileReference; lastKnownFileType = sourcecode.swift; path = SharedTestHelpers.swift; sourceTree = "<group>"; };
		8DB1EA9628E2E67300B40291 /* FeedCachePolicy.swift */ = {isa = PBXFileReference; lastKnownFileType = sourcecode.swift; path = FeedCachePolicy.swift; sourceTree = "<group>"; };
		8DB1EA9C28E32EC000B40291 /* FeedStoreSpecs.swift */ = {isa = PBXFileReference; lastKnownFileType = sourcecode.swift; path = FeedStoreSpecs.swift; sourceTree = "<group>"; };
		8DB1EA9E28E32F3B00B40291 /* XCTestCase+FeedStoreSpecs.swift */ = {isa = PBXFileReference; lastKnownFileType = sourcecode.swift; path = "XCTestCase+FeedStoreSpecs.swift"; sourceTree = "<group>"; };
		8DB1EAA028E3310700B40291 /* XCTestCase+FailableRetrieveFeedStoreSpecs.swift */ = {isa = PBXFileReference; lastKnownFileType = sourcecode.swift; path = "XCTestCase+FailableRetrieveFeedStoreSpecs.swift"; sourceTree = "<group>"; };
		8DB1EAA228E331BA00B40291 /* XCTestCase+FailableInsertFeedStoreSpecs.swift */ = {isa = PBXFileReference; lastKnownFileType = sourcecode.swift; path = "XCTestCase+FailableInsertFeedStoreSpecs.swift"; sourceTree = "<group>"; };
		8DB1EAA428E3321100B40291 /* XCTestCase+FailableDeleteFeedStoreSpecs.swift */ = {isa = PBXFileReference; lastKnownFileType = sourcecode.swift; path = "XCTestCase+FailableDeleteFeedStoreSpecs.swift"; sourceTree = "<group>"; };
		8DB1EAA728E333BD00B40291 /* CoreDataFeedStoreTests.swift */ = {isa = PBXFileReference; lastKnownFileType = sourcecode.swift; path = CoreDataFeedStoreTests.swift; sourceTree = "<group>"; };
		8DB1EAA928E445AC00B40291 /* CoreDataFeedStore.swift */ = {isa = PBXFileReference; lastKnownFileType = sourcecode.swift; path = CoreDataFeedStore.swift; sourceTree = "<group>"; };
		8DB1EAAC28E446CF00B40291 /* FeedStore.xcdatamodel */ = {isa = PBXFileReference; lastKnownFileType = wrapper.xcdatamodel; path = FeedStore.xcdatamodel; sourceTree = "<group>"; };
		8DB1EAB128E4614A00B40291 /* CoreDataHelpers.swift */ = {isa = PBXFileReference; lastKnownFileType = sourcecode.swift; path = CoreDataHelpers.swift; sourceTree = "<group>"; };
		8DB1EAB328E461D200B40291 /* ManagedCache.swift */ = {isa = PBXFileReference; lastKnownFileType = sourcecode.swift; path = ManagedCache.swift; sourceTree = "<group>"; };
		8DB1EAB528E461FA00B40291 /* ManagedFeedImage.swift */ = {isa = PBXFileReference; lastKnownFileType = sourcecode.swift; path = ManagedFeedImage.swift; sourceTree = "<group>"; };
		8DB1EABB28E4636A00B40291 /* EssentialFeedCacheIntegrationTests.xctest */ = {isa = PBXFileReference; explicitFileType = wrapper.cfbundle; includeInIndex = 0; path = EssentialFeedCacheIntegrationTests.xctest; sourceTree = BUILT_PRODUCTS_DIR; };
		8DB1EABD28E4636A00B40291 /* EssentialFeedCacheIntegrationTests.swift */ = {isa = PBXFileReference; lastKnownFileType = sourcecode.swift; path = EssentialFeedCacheIntegrationTests.swift; sourceTree = "<group>"; };
		8DB1EAEF28E46C6000B40291 /* EssentialFeediOS.framework */ = {isa = PBXFileReference; explicitFileType = wrapper.framework; includeInIndex = 0; path = EssentialFeediOS.framework; sourceTree = BUILT_PRODUCTS_DIR; };
		8DB1EAF628E46C6000B40291 /* EssentialFeediOSTests.xctest */ = {isa = PBXFileReference; explicitFileType = wrapper.cfbundle; includeInIndex = 0; path = EssentialFeediOSTests.xctest; sourceTree = BUILT_PRODUCTS_DIR; };
		8DB1EB0428E46CD600B40291 /* EssentialFeediOS.swift */ = {isa = PBXFileReference; lastKnownFileType = sourcecode.swift; path = EssentialFeediOS.swift; sourceTree = "<group>"; };
		8DB1EB0628E473FC00B40291 /* FeedViewControllerTests.swift */ = {isa = PBXFileReference; lastKnownFileType = sourcecode.swift; path = FeedViewControllerTests.swift; sourceTree = "<group>"; };
		8DDFB0A928DC4FD900904759 /* EssentialFeed.framework */ = {isa = PBXFileReference; explicitFileType = wrapper.framework; includeInIndex = 0; path = EssentialFeed.framework; sourceTree = BUILT_PRODUCTS_DIR; };
		8DDFB0B328DC505000904759 /* FeedImage.swift */ = {isa = PBXFileReference; lastKnownFileType = sourcecode.swift; path = FeedImage.swift; sourceTree = "<group>"; };
		8DDFB0B528DC507E00904759 /* FeedLoader.swift */ = {isa = PBXFileReference; lastKnownFileType = sourcecode.swift; path = FeedLoader.swift; sourceTree = "<group>"; };
		8DDFB0DF28DC5F2D00904759 /* EssentialFeedTests.xctest */ = {isa = PBXFileReference; explicitFileType = wrapper.cfbundle; includeInIndex = 0; path = EssentialFeedTests.xctest; sourceTree = BUILT_PRODUCTS_DIR; };
		8DDFB0EB28DC5F8D00904759 /* LoadFeedFromRemoteUseCaseTests.swift */ = {isa = PBXFileReference; lastKnownFileType = sourcecode.swift; path = LoadFeedFromRemoteUseCaseTests.swift; sourceTree = "<group>"; };
		8DDFB0F828DC784800904759 /* RemoteFeedLoader.swift */ = {isa = PBXFileReference; lastKnownFileType = sourcecode.swift; path = RemoteFeedLoader.swift; sourceTree = "<group>"; };
		8DDFB0FA28DCCC3B00904759 /* HTTPClient.swift */ = {isa = PBXFileReference; lastKnownFileType = sourcecode.swift; path = HTTPClient.swift; sourceTree = "<group>"; };
		8DDFB0FC28DCCC5400904759 /* FeedItemsMapper.swift */ = {isa = PBXFileReference; lastKnownFileType = sourcecode.swift; path = FeedItemsMapper.swift; sourceTree = "<group>"; };
		8DDFB0FF28DD95B500904759 /* URLSessionHTTPClientTests.swift */ = {isa = PBXFileReference; lastKnownFileType = sourcecode.swift; path = URLSessionHTTPClientTests.swift; sourceTree = "<group>"; };
		8DDFB10228DDB05B00904759 /* XCTestCase+TrackMemoryLeaksHelper.swift */ = {isa = PBXFileReference; lastKnownFileType = sourcecode.swift; path = "XCTestCase+TrackMemoryLeaksHelper.swift"; sourceTree = "<group>"; };
		8DDFB10428DDDB4E00904759 /* URLSessionHTTPClient.swift */ = {isa = PBXFileReference; lastKnownFileType = sourcecode.swift; path = URLSessionHTTPClient.swift; sourceTree = "<group>"; };
		8DDFB10A28DDF7C300904759 /* EssentialFeedAPIEndToEndTests.xctest */ = {isa = PBXFileReference; explicitFileType = wrapper.cfbundle; includeInIndex = 0; path = EssentialFeedAPIEndToEndTests.xctest; sourceTree = BUILT_PRODUCTS_DIR; };
		8DDFB10C28DDF7C300904759 /* EssentialFeedAPIEndToEndTests.swift */ = {isa = PBXFileReference; lastKnownFileType = sourcecode.swift; path = EssentialFeedAPIEndToEndTests.swift; sourceTree = "<group>"; };
		8DF4F2CA28E1A89B003497A9 /* CacheFeedUseCaseTests.swift */ = {isa = PBXFileReference; lastKnownFileType = sourcecode.swift; path = CacheFeedUseCaseTests.swift; sourceTree = "<group>"; };
		8DF4F2CC28E1C5CE003497A9 /* LocalFeedLoader.swift */ = {isa = PBXFileReference; lastKnownFileType = sourcecode.swift; path = LocalFeedLoader.swift; sourceTree = "<group>"; };
		8DF4F2CE28E1C5E0003497A9 /* FeedStore.swift */ = {isa = PBXFileReference; lastKnownFileType = sourcecode.swift; path = FeedStore.swift; sourceTree = "<group>"; };
		8DF4F2D028E1CC91003497A9 /* RemoteFeedImage.swift */ = {isa = PBXFileReference; lastKnownFileType = sourcecode.swift; path = RemoteFeedImage.swift; sourceTree = "<group>"; };
		8DF4F2D228E1CCD8003497A9 /* LocalFeedItem.swift */ = {isa = PBXFileReference; lastKnownFileType = sourcecode.swift; path = LocalFeedItem.swift; sourceTree = "<group>"; };
		8DF4F2D428E1D0B1003497A9 /* LoadFeedFromCacheUseCaseTests.swift */ = {isa = PBXFileReference; lastKnownFileType = sourcecode.swift; path = LoadFeedFromCacheUseCaseTests.swift; sourceTree = "<group>"; };
		8DF4F2D728E1D17C003497A9 /* FeedStoreSpy.swift */ = {isa = PBXFileReference; lastKnownFileType = sourcecode.swift; path = FeedStoreSpy.swift; sourceTree = "<group>"; };
/* End PBXFileReference section */

/* Begin PBXFrameworksBuildPhase section */
		8DB1EAB828E4636A00B40291 /* Frameworks */ = {
			isa = PBXFrameworksBuildPhase;
			buildActionMask = 2147483647;
			files = (
				8DB1EABF28E4636A00B40291 /* EssentialFeed.framework in Frameworks */,
			);
			runOnlyForDeploymentPostprocessing = 0;
		};
		8DB1EAEC28E46C6000B40291 /* Frameworks */ = {
			isa = PBXFrameworksBuildPhase;
			buildActionMask = 2147483647;
			files = (
				8DB1EB0928E4782600B40291 /* EssentialFeed.framework in Frameworks */,
			);
			runOnlyForDeploymentPostprocessing = 0;
		};
		8DB1EAF328E46C6000B40291 /* Frameworks */ = {
			isa = PBXFrameworksBuildPhase;
			buildActionMask = 2147483647;
			files = (
				8DB1EAF728E46C6000B40291 /* EssentialFeediOS.framework in Frameworks */,
			);
			runOnlyForDeploymentPostprocessing = 0;
		};
		8DDFB0A628DC4FD900904759 /* Frameworks */ = {
			isa = PBXFrameworksBuildPhase;
			buildActionMask = 2147483647;
			files = (
			);
			runOnlyForDeploymentPostprocessing = 0;
		};
		8DDFB0DC28DC5F2D00904759 /* Frameworks */ = {
			isa = PBXFrameworksBuildPhase;
			buildActionMask = 2147483647;
			files = (
				8DDFB0E328DC5F2D00904759 /* EssentialFeed.framework in Frameworks */,
			);
			runOnlyForDeploymentPostprocessing = 0;
		};
		8DDFB10728DDF7C300904759 /* Frameworks */ = {
			isa = PBXFrameworksBuildPhase;
			buildActionMask = 2147483647;
			files = (
				8DDFB10E28DDF7C300904759 /* EssentialFeed.framework in Frameworks */,
			);
			runOnlyForDeploymentPostprocessing = 0;
		};
/* End PBXFrameworksBuildPhase section */

/* Begin PBXGroup section */
		8DB1EAA628E3327000B40291 /* FeedStoreSpecs */ = {
			isa = PBXGroup;
			children = (
				8DB1EA9C28E32EC000B40291 /* FeedStoreSpecs.swift */,
				8DB1EA9E28E32F3B00B40291 /* XCTestCase+FeedStoreSpecs.swift */,
				8DB1EAA028E3310700B40291 /* XCTestCase+FailableRetrieveFeedStoreSpecs.swift */,
				8DB1EAA228E331BA00B40291 /* XCTestCase+FailableInsertFeedStoreSpecs.swift */,
				8DB1EAA428E3321100B40291 /* XCTestCase+FailableDeleteFeedStoreSpecs.swift */,
			);
			path = FeedStoreSpecs;
			sourceTree = "<group>";
		};
		8DB1EAAE28E4602400B40291 /* Infrastructure */ = {
			isa = PBXGroup;
			children = (
				8DB1EAAF28E4603800B40291 /* CoreData */,
			);
			path = Infrastructure;
			sourceTree = "<group>";
		};
		8DB1EAAF28E4603800B40291 /* CoreData */ = {
			isa = PBXGroup;
			children = (
				8DB1EAA928E445AC00B40291 /* CoreDataFeedStore.swift */,
				8DB1EAB128E4614A00B40291 /* CoreDataHelpers.swift */,
				8DB1EAB328E461D200B40291 /* ManagedCache.swift */,
				8DB1EAB528E461FA00B40291 /* ManagedFeedImage.swift */,
				8DB1EAAB28E446CF00B40291 /* FeedStore.xcdatamodeld */,
			);
			path = CoreData;
			sourceTree = "<group>";
		};
		8DB1EABC28E4636A00B40291 /* EssentialFeedCacheIntegrationTests */ = {
			isa = PBXGroup;
			children = (
				8DB1EABD28E4636A00B40291 /* EssentialFeedCacheIntegrationTests.swift */,
			);
			path = EssentialFeedCacheIntegrationTests;
			sourceTree = "<group>";
		};
		8DB1EAF028E46C6000B40291 /* EssentialFeediOS */ = {
			isa = PBXGroup;
			children = (
				8DB1EB0428E46CD600B40291 /* EssentialFeediOS.swift */,
			);
			path = EssentialFeediOS;
			sourceTree = "<group>";
		};
		8DB1EAFA28E46C6000B40291 /* EssentialFeediOSTests */ = {
			isa = PBXGroup;
			children = (
				8DB1EB0628E473FC00B40291 /* FeedViewControllerTests.swift */,
			);
			path = EssentialFeediOSTests;
			sourceTree = "<group>";
		};
		8DB1EB0828E4782600B40291 /* Frameworks */ = {
			isa = PBXGroup;
			children = (
			);
			name = Frameworks;
			sourceTree = "<group>";
		};
		8DDFB09F28DC4FD900904759 = {
			isa = PBXGroup;
			children = (
				8DDFB0AB28DC4FD900904759 /* EssentialFeed */,
				8DDFB0E028DC5F2D00904759 /* EssentialFeedTests */,
				8DDFB10B28DDF7C300904759 /* EssentialFeedAPIEndToEndTests */,
				8DB1EABC28E4636A00B40291 /* EssentialFeedCacheIntegrationTests */,
				8DB1EAF028E46C6000B40291 /* EssentialFeediOS */,
				8DB1EAFA28E46C6000B40291 /* EssentialFeediOSTests */,
				8DDFB0AA28DC4FD900904759 /* Products */,
				8DB1EB0828E4782600B40291 /* Frameworks */,
			);
			sourceTree = "<group>";
		};
		8DDFB0AA28DC4FD900904759 /* Products */ = {
			isa = PBXGroup;
			children = (
				8DDFB0A928DC4FD900904759 /* EssentialFeed.framework */,
				8DDFB0DF28DC5F2D00904759 /* EssentialFeedTests.xctest */,
				8DDFB10A28DDF7C300904759 /* EssentialFeedAPIEndToEndTests.xctest */,
				8DB1EABB28E4636A00B40291 /* EssentialFeedCacheIntegrationTests.xctest */,
				8DB1EAEF28E46C6000B40291 /* EssentialFeediOS.framework */,
				8DB1EAF628E46C6000B40291 /* EssentialFeediOSTests.xctest */,
			);
			name = Products;
			sourceTree = "<group>";
		};
		8DDFB0AB28DC4FD900904759 /* EssentialFeed */ = {
			isa = PBXGroup;
			children = (
				8DF4F2C828E1A6FF003497A9 /* Feed Cache */,
				8DDFB0F728DC784200904759 /* Feed API */,
				8DDFB0B928DC519F00904759 /* Feed Feature */,
			);
			path = EssentialFeed;
			sourceTree = "<group>";
		};
		8DDFB0B928DC519F00904759 /* Feed Feature */ = {
			isa = PBXGroup;
			children = (
				8DDFB0B328DC505000904759 /* FeedImage.swift */,
				8DDFB0B528DC507E00904759 /* FeedLoader.swift */,
			);
			path = "Feed Feature";
			sourceTree = "<group>";
		};
		8DDFB0E028DC5F2D00904759 /* EssentialFeedTests */ = {
			isa = PBXGroup;
			children = (
				8DDFB10128DDB04500904759 /* Helpers */,
				8DF4F2C928E1A705003497A9 /* Feed Cache */,
				8DDFB0FE28DCD0F900904759 /* Feed API */,
			);
			path = EssentialFeedTests;
			sourceTree = "<group>";
		};
		8DDFB0F728DC784200904759 /* Feed API */ = {
			isa = PBXGroup;
			children = (
				8DDFB0F828DC784800904759 /* RemoteFeedLoader.swift */,
				8DDFB0FA28DCCC3B00904759 /* HTTPClient.swift */,
				8DDFB0FC28DCCC5400904759 /* FeedItemsMapper.swift */,
				8DDFB10428DDDB4E00904759 /* URLSessionHTTPClient.swift */,
				8DF4F2D028E1CC91003497A9 /* RemoteFeedImage.swift */,
			);
			path = "Feed API";
			sourceTree = "<group>";
		};
		8DDFB0FE28DCD0F900904759 /* Feed API */ = {
			isa = PBXGroup;
			children = (
				8DDFB0EB28DC5F8D00904759 /* LoadFeedFromRemoteUseCaseTests.swift */,
				8DDFB0FF28DD95B500904759 /* URLSessionHTTPClientTests.swift */,
			);
			path = "Feed API";
			sourceTree = "<group>";
		};
		8DDFB10128DDB04500904759 /* Helpers */ = {
			isa = PBXGroup;
			children = (
				8DDFB10228DDB05B00904759 /* XCTestCase+TrackMemoryLeaksHelper.swift */,
				8D13F1F828E1F36900A334B3 /* SharedTestHelpers.swift */,
			);
			path = Helpers;
			sourceTree = "<group>";
		};
		8DDFB10B28DDF7C300904759 /* EssentialFeedAPIEndToEndTests */ = {
			isa = PBXGroup;
			children = (
				8DDFB10C28DDF7C300904759 /* EssentialFeedAPIEndToEndTests.swift */,
			);
			path = EssentialFeedAPIEndToEndTests;
			sourceTree = "<group>";
		};
		8DF4F2C828E1A6FF003497A9 /* Feed Cache */ = {
			isa = PBXGroup;
			children = (
				8DB1EAAE28E4602400B40291 /* Infrastructure */,
				8DF4F2CC28E1C5CE003497A9 /* LocalFeedLoader.swift */,
				8DF4F2CE28E1C5E0003497A9 /* FeedStore.swift */,
				8DF4F2D228E1CCD8003497A9 /* LocalFeedItem.swift */,
				8DB1EA9628E2E67300B40291 /* FeedCachePolicy.swift */,
			);
			path = "Feed Cache";
			sourceTree = "<group>";
		};
		8DF4F2C928E1A705003497A9 /* Feed Cache */ = {
			isa = PBXGroup;
			children = (
				8DF4F2D628E1D177003497A9 /* Helpers */,
				8DB1EAA628E3327000B40291 /* FeedStoreSpecs */,
				8DF4F2CA28E1A89B003497A9 /* CacheFeedUseCaseTests.swift */,
				8DF4F2D428E1D0B1003497A9 /* LoadFeedFromCacheUseCaseTests.swift */,
				8D13F1F428E1EE4B00A334B3 /* ValidateFeedFromCacheUseCaseTests.swift */,
				8DB1EAA728E333BD00B40291 /* CoreDataFeedStoreTests.swift */,
			);
			path = "Feed Cache";
			sourceTree = "<group>";
		};
		8DF4F2D628E1D177003497A9 /* Helpers */ = {
			isa = PBXGroup;
			children = (
				8DF4F2D728E1D17C003497A9 /* FeedStoreSpy.swift */,
				8D13F1F628E1F2B500A334B3 /* FeedCacheTestHelpers.swift */,
			);
			path = Helpers;
			sourceTree = "<group>";
		};
/* End PBXGroup section */

/* Begin PBXHeadersBuildPhase section */
		8DB1EAEA28E46C6000B40291 /* Headers */ = {
			isa = PBXHeadersBuildPhase;
			buildActionMask = 2147483647;
			files = (
			);
			runOnlyForDeploymentPostprocessing = 0;
		};
		8DDFB0A428DC4FD900904759 /* Headers */ = {
			isa = PBXHeadersBuildPhase;
			buildActionMask = 2147483647;
			files = (
			);
			runOnlyForDeploymentPostprocessing = 0;
		};
/* End PBXHeadersBuildPhase section */

/* Begin PBXNativeTarget section */
		8DB1EABA28E4636A00B40291 /* EssentialFeedCacheIntegrationTests */ = {
			isa = PBXNativeTarget;
			buildConfigurationList = 8DB1EAC228E4636A00B40291 /* Build configuration list for PBXNativeTarget "EssentialFeedCacheIntegrationTests" */;
			buildPhases = (
				8DB1EAB728E4636A00B40291 /* Sources */,
				8DB1EAB828E4636A00B40291 /* Frameworks */,
				8DB1EAB928E4636A00B40291 /* Resources */,
			);
			buildRules = (
			);
			dependencies = (
				8DB1EAC128E4636A00B40291 /* PBXTargetDependency */,
			);
			name = EssentialFeedCacheIntegrationTests;
			productName = EssentialFeedCacheIntegrationTests;
			productReference = 8DB1EABB28E4636A00B40291 /* EssentialFeedCacheIntegrationTests.xctest */;
			productType = "com.apple.product-type.bundle.unit-test";
		};
		8DB1EAEE28E46C6000B40291 /* EssentialFeediOS */ = {
			isa = PBXNativeTarget;
			buildConfigurationList = 8DB1EAFE28E46C6000B40291 /* Build configuration list for PBXNativeTarget "EssentialFeediOS" */;
			buildPhases = (
				8DB1EAEA28E46C6000B40291 /* Headers */,
				8DB1EAEB28E46C6000B40291 /* Sources */,
				8DB1EAEC28E46C6000B40291 /* Frameworks */,
				8DB1EAED28E46C6000B40291 /* Resources */,
				8DB1EB0D28E4782600B40291 /* Embed Frameworks */,
			);
			buildRules = (
			);
			dependencies = (
				8DB1EB0C28E4782600B40291 /* PBXTargetDependency */,
			);
			name = EssentialFeediOS;
			productName = EssentialFeediOS;
			productReference = 8DB1EAEF28E46C6000B40291 /* EssentialFeediOS.framework */;
			productType = "com.apple.product-type.framework";
		};
		8DB1EAF528E46C6000B40291 /* EssentialFeediOSTests */ = {
			isa = PBXNativeTarget;
			buildConfigurationList = 8DB1EB0128E46C6000B40291 /* Build configuration list for PBXNativeTarget "EssentialFeediOSTests" */;
			buildPhases = (
				8DB1EAF228E46C6000B40291 /* Sources */,
				8DB1EAF328E46C6000B40291 /* Frameworks */,
				8DB1EAF428E46C6000B40291 /* Resources */,
			);
			buildRules = (
			);
			dependencies = (
				8DB1EAF928E46C6000B40291 /* PBXTargetDependency */,
			);
			name = EssentialFeediOSTests;
			productName = EssentialFeediOSTests;
			productReference = 8DB1EAF628E46C6000B40291 /* EssentialFeediOSTests.xctest */;
			productType = "com.apple.product-type.bundle.unit-test";
		};
		8DDFB0A828DC4FD900904759 /* EssentialFeed */ = {
			isa = PBXNativeTarget;
			buildConfigurationList = 8DDFB0B028DC4FD900904759 /* Build configuration list for PBXNativeTarget "EssentialFeed" */;
			buildPhases = (
				8DDFB0A428DC4FD900904759 /* Headers */,
				8DDFB0A528DC4FD900904759 /* Sources */,
				8DDFB0A628DC4FD900904759 /* Frameworks */,
				8DDFB0A728DC4FD900904759 /* Resources */,
			);
			buildRules = (
			);
			dependencies = (
			);
			name = EssentialFeed;
			productName = EssentialFeed;
			productReference = 8DDFB0A928DC4FD900904759 /* EssentialFeed.framework */;
			productType = "com.apple.product-type.framework";
		};
		8DDFB0DE28DC5F2D00904759 /* EssentialFeedTests */ = {
			isa = PBXNativeTarget;
			buildConfigurationList = 8DDFB0E628DC5F2D00904759 /* Build configuration list for PBXNativeTarget "EssentialFeedTests" */;
			buildPhases = (
				8DDFB0DB28DC5F2D00904759 /* Sources */,
				8DDFB0DC28DC5F2D00904759 /* Frameworks */,
				8DDFB0DD28DC5F2D00904759 /* Resources */,
			);
			buildRules = (
			);
			dependencies = (
				8DDFB0E528DC5F2D00904759 /* PBXTargetDependency */,
			);
			name = EssentialFeedTests;
			productName = EssentialFeedTests;
			productReference = 8DDFB0DF28DC5F2D00904759 /* EssentialFeedTests.xctest */;
			productType = "com.apple.product-type.bundle.unit-test";
		};
		8DDFB10928DDF7C300904759 /* EssentialFeedAPIEndToEndTests */ = {
			isa = PBXNativeTarget;
			buildConfigurationList = 8DDFB11128DDF7C300904759 /* Build configuration list for PBXNativeTarget "EssentialFeedAPIEndToEndTests" */;
			buildPhases = (
				8DDFB10628DDF7C300904759 /* Sources */,
				8DDFB10728DDF7C300904759 /* Frameworks */,
				8DDFB10828DDF7C300904759 /* Resources */,
			);
			buildRules = (
			);
			dependencies = (
				8DDFB11028DDF7C300904759 /* PBXTargetDependency */,
			);
			name = EssentialFeedAPIEndToEndTests;
			productName = EssentialFeedAPIEndToEndTests;
			productReference = 8DDFB10A28DDF7C300904759 /* EssentialFeedAPIEndToEndTests.xctest */;
			productType = "com.apple.product-type.bundle.unit-test";
		};
/* End PBXNativeTarget section */

/* Begin PBXProject section */
		8DDFB0A028DC4FD900904759 /* Project object */ = {
			isa = PBXProject;
			attributes = {
				BuildIndependentTargetsInParallel = 1;
				LastSwiftUpdateCheck = 1340;
				LastUpgradeCheck = 1340;
				ORGANIZATIONNAME = "Oleksandr Nikolaichuk";
				TargetAttributes = {
					8DB1EABA28E4636A00B40291 = {
						CreatedOnToolsVersion = 13.4.1;
					};
					8DB1EAEE28E46C6000B40291 = {
						CreatedOnToolsVersion = 13.4.1;
						LastSwiftMigration = 1340;
					};
					8DB1EAF528E46C6000B40291 = {
						CreatedOnToolsVersion = 13.4.1;
					};
					8DDFB0A828DC4FD900904759 = {
						CreatedOnToolsVersion = 13.4.1;
						LastSwiftMigration = 1340;
					};
					8DDFB0DE28DC5F2D00904759 = {
						CreatedOnToolsVersion = 13.4.1;
					};
					8DDFB10928DDF7C300904759 = {
						CreatedOnToolsVersion = 13.4.1;
					};
				};
			};
			buildConfigurationList = 8DDFB0A328DC4FD900904759 /* Build configuration list for PBXProject "EssentialFeed" */;
			compatibilityVersion = "Xcode 13.0";
			developmentRegion = en;
			hasScannedForEncodings = 0;
			knownRegions = (
				en,
				Base,
			);
			mainGroup = 8DDFB09F28DC4FD900904759;
			productRefGroup = 8DDFB0AA28DC4FD900904759 /* Products */;
			projectDirPath = "";
			projectRoot = "";
			targets = (
				8DDFB0A828DC4FD900904759 /* EssentialFeed */,
				8DDFB0DE28DC5F2D00904759 /* EssentialFeedTests */,
				8DDFB10928DDF7C300904759 /* EssentialFeedAPIEndToEndTests */,
				8DB1EABA28E4636A00B40291 /* EssentialFeedCacheIntegrationTests */,
				8DB1EAEE28E46C6000B40291 /* EssentialFeediOS */,
				8DB1EAF528E46C6000B40291 /* EssentialFeediOSTests */,
			);
		};
/* End PBXProject section */

/* Begin PBXResourcesBuildPhase section */
		8DB1EAB928E4636A00B40291 /* Resources */ = {
			isa = PBXResourcesBuildPhase;
			buildActionMask = 2147483647;
			files = (
			);
			runOnlyForDeploymentPostprocessing = 0;
		};
		8DB1EAED28E46C6000B40291 /* Resources */ = {
			isa = PBXResourcesBuildPhase;
			buildActionMask = 2147483647;
			files = (
			);
			runOnlyForDeploymentPostprocessing = 0;
		};
		8DB1EAF428E46C6000B40291 /* Resources */ = {
			isa = PBXResourcesBuildPhase;
			buildActionMask = 2147483647;
			files = (
			);
			runOnlyForDeploymentPostprocessing = 0;
		};
		8DDFB0A728DC4FD900904759 /* Resources */ = {
			isa = PBXResourcesBuildPhase;
			buildActionMask = 2147483647;
			files = (
			);
			runOnlyForDeploymentPostprocessing = 0;
		};
		8DDFB0DD28DC5F2D00904759 /* Resources */ = {
			isa = PBXResourcesBuildPhase;
			buildActionMask = 2147483647;
			files = (
			);
			runOnlyForDeploymentPostprocessing = 0;
		};
		8DDFB10828DDF7C300904759 /* Resources */ = {
			isa = PBXResourcesBuildPhase;
			buildActionMask = 2147483647;
			files = (
			);
			runOnlyForDeploymentPostprocessing = 0;
		};
/* End PBXResourcesBuildPhase section */

/* Begin PBXSourcesBuildPhase section */
		8DB1EAB728E4636A00B40291 /* Sources */ = {
			isa = PBXSourcesBuildPhase;
			buildActionMask = 2147483647;
			files = (
				8DB1EAC728E465C900B40291 /* SharedTestHelpers.swift in Sources */,
				8DB1EAC528E4647E00B40291 /* XCTestCase+TrackMemoryLeaksHelper.swift in Sources */,
				8DB1EAC628E4659F00B40291 /* FeedCacheTestHelpers.swift in Sources */,
				8DB1EABE28E4636A00B40291 /* EssentialFeedCacheIntegrationTests.swift in Sources */,
			);
			runOnlyForDeploymentPostprocessing = 0;
		};
		8DB1EAEB28E46C6000B40291 /* Sources */ = {
			isa = PBXSourcesBuildPhase;
			buildActionMask = 2147483647;
			files = (
				8DB1EB0528E46CD600B40291 /* EssentialFeediOS.swift in Sources */,
			);
			runOnlyForDeploymentPostprocessing = 0;
		};
		8DB1EAF228E46C6000B40291 /* Sources */ = {
			isa = PBXSourcesBuildPhase;
			buildActionMask = 2147483647;
			files = (
				8DB1EB0728E473FC00B40291 /* FeedViewControllerTests.swift in Sources */,
			);
			runOnlyForDeploymentPostprocessing = 0;
		};
		8DDFB0A528DC4FD900904759 /* Sources */ = {
			isa = PBXSourcesBuildPhase;
			buildActionMask = 2147483647;
			files = (
				8DB1EAB228E4614A00B40291 /* CoreDataHelpers.swift in Sources */,
				8DDFB0FD28DCCC5400904759 /* FeedItemsMapper.swift in Sources */,
				8DDFB0B628DC507E00904759 /* FeedLoader.swift in Sources */,
				8DF4F2D128E1CC91003497A9 /* RemoteFeedImage.swift in Sources */,
				8DB1EA9728E2E67300B40291 /* FeedCachePolicy.swift in Sources */,
				8DDFB0F928DC784800904759 /* RemoteFeedLoader.swift in Sources */,
				8DB1EAAD28E446CF00B40291 /* FeedStore.xcdatamodeld in Sources */,
				8DF4F2D328E1CCD8003497A9 /* LocalFeedItem.swift in Sources */,
				8DF4F2CF28E1C5E0003497A9 /* FeedStore.swift in Sources */,
				8DF4F2CD28E1C5CE003497A9 /* LocalFeedLoader.swift in Sources */,
				8DDFB0FB28DCCC3B00904759 /* HTTPClient.swift in Sources */,
				8DDFB0B428DC505000904759 /* FeedImage.swift in Sources */,
				8DDFB10528DDDB4E00904759 /* URLSessionHTTPClient.swift in Sources */,
				8DB1EAB428E461D200B40291 /* ManagedCache.swift in Sources */,
				8DB1EAAA28E445AC00B40291 /* CoreDataFeedStore.swift in Sources */,
				8DB1EAB628E461FA00B40291 /* ManagedFeedImage.swift in Sources */,
			);
			runOnlyForDeploymentPostprocessing = 0;
		};
		8DDFB0DB28DC5F2D00904759 /* Sources */ = {
			isa = PBXSourcesBuildPhase;
			buildActionMask = 2147483647;
			files = (
				8DDFB0EC28DC5F8D00904759 /* LoadFeedFromRemoteUseCaseTests.swift in Sources */,
				8DDFB10328DDB05B00904759 /* XCTestCase+TrackMemoryLeaksHelper.swift in Sources */,
				8DF4F2D828E1D17C003497A9 /* FeedStoreSpy.swift in Sources */,
				8DB1EAA328E331BA00B40291 /* XCTestCase+FailableInsertFeedStoreSpecs.swift in Sources */,
				8DF4F2CB28E1A89B003497A9 /* CacheFeedUseCaseTests.swift in Sources */,
				8D13F1F728E1F2B500A334B3 /* FeedCacheTestHelpers.swift in Sources */,
				8D13F1F928E1F36900A334B3 /* SharedTestHelpers.swift in Sources */,
				8DF4F2D528E1D0B1003497A9 /* LoadFeedFromCacheUseCaseTests.swift in Sources */,
				8DB1EAA528E3321100B40291 /* XCTestCase+FailableDeleteFeedStoreSpecs.swift in Sources */,
				8DB1EAA128E3310700B40291 /* XCTestCase+FailableRetrieveFeedStoreSpecs.swift in Sources */,
				8D13F1F528E1EE4B00A334B3 /* ValidateFeedFromCacheUseCaseTests.swift in Sources */,
				8DB1EA9D28E32EC000B40291 /* FeedStoreSpecs.swift in Sources */,
				8DDFB10028DD95B500904759 /* URLSessionHTTPClientTests.swift in Sources */,
				8DB1EAA828E333BD00B40291 /* CoreDataFeedStoreTests.swift in Sources */,
				8DB1EA9F28E32F3B00B40291 /* XCTestCase+FeedStoreSpecs.swift in Sources */,
			);
			runOnlyForDeploymentPostprocessing = 0;
		};
		8DDFB10628DDF7C300904759 /* Sources */ = {
			isa = PBXSourcesBuildPhase;
			buildActionMask = 2147483647;
			files = (
				8DDFB11428DDFC7E00904759 /* XCTestCase+TrackMemoryLeaksHelper.swift in Sources */,
				8DDFB10D28DDF7C300904759 /* EssentialFeedAPIEndToEndTests.swift in Sources */,
			);
			runOnlyForDeploymentPostprocessing = 0;
		};
/* End PBXSourcesBuildPhase section */

/* Begin PBXTargetDependency section */
		8DB1EAC128E4636A00B40291 /* PBXTargetDependency */ = {
			isa = PBXTargetDependency;
			target = 8DDFB0A828DC4FD900904759 /* EssentialFeed */;
			targetProxy = 8DB1EAC028E4636A00B40291 /* PBXContainerItemProxy */;
		};
		8DB1EAF928E46C6000B40291 /* PBXTargetDependency */ = {
			isa = PBXTargetDependency;
			target = 8DB1EAEE28E46C6000B40291 /* EssentialFeediOS */;
			targetProxy = 8DB1EAF828E46C6000B40291 /* PBXContainerItemProxy */;
		};
		8DB1EB0C28E4782600B40291 /* PBXTargetDependency */ = {
			isa = PBXTargetDependency;
			target = 8DDFB0A828DC4FD900904759 /* EssentialFeed */;
			targetProxy = 8DB1EB0B28E4782600B40291 /* PBXContainerItemProxy */;
		};
		8DDFB0E528DC5F2D00904759 /* PBXTargetDependency */ = {
			isa = PBXTargetDependency;
			target = 8DDFB0A828DC4FD900904759 /* EssentialFeed */;
			targetProxy = 8DDFB0E428DC5F2D00904759 /* PBXContainerItemProxy */;
		};
		8DDFB11028DDF7C300904759 /* PBXTargetDependency */ = {
			isa = PBXTargetDependency;
			target = 8DDFB0A828DC4FD900904759 /* EssentialFeed */;
			targetProxy = 8DDFB10F28DDF7C300904759 /* PBXContainerItemProxy */;
		};
/* End PBXTargetDependency section */

/* Begin XCBuildConfiguration section */
		8DB1EAC328E4636A00B40291 /* Debug */ = {
			isa = XCBuildConfiguration;
			buildSettings = {
				CODE_SIGN_STYLE = Automatic;
				CURRENT_PROJECT_VERSION = 1;
				DEVELOPMENT_TEAM = WUJDW64U79;
				GENERATE_INFOPLIST_FILE = YES;
				MARKETING_VERSION = 1.0;
				PRODUCT_BUNDLE_IDENTIFIER = "AE-team.EssentialFeedCacheIntegrationTests";
				PRODUCT_NAME = "$(TARGET_NAME)";
				SUPPORTED_PLATFORMS = "iphonesimulator iphoneos macosx";
				SWIFT_EMIT_LOC_STRINGS = NO;
				SWIFT_VERSION = 5.0;
			};
			name = Debug;
		};
		8DB1EAC428E4636A00B40291 /* Release */ = {
			isa = XCBuildConfiguration;
			buildSettings = {
				CODE_SIGN_STYLE = Automatic;
				CURRENT_PROJECT_VERSION = 1;
				DEVELOPMENT_TEAM = WUJDW64U79;
				GENERATE_INFOPLIST_FILE = YES;
				MARKETING_VERSION = 1.0;
				PRODUCT_BUNDLE_IDENTIFIER = "AE-team.EssentialFeedCacheIntegrationTests";
				PRODUCT_NAME = "$(TARGET_NAME)";
				SUPPORTED_PLATFORMS = "iphonesimulator iphoneos macosx";
				SWIFT_EMIT_LOC_STRINGS = NO;
				SWIFT_VERSION = 5.0;
			};
			name = Release;
		};
		8DB1EAFF28E46C6000B40291 /* Debug */ = {
			isa = XCBuildConfiguration;
			buildSettings = {
				CLANG_ENABLE_MODULES = YES;
				CODE_SIGN_STYLE = Automatic;
				CURRENT_PROJECT_VERSION = 1;
				DEFINES_MODULE = YES;
				DEVELOPMENT_TEAM = WUJDW64U79;
				DYLIB_COMPATIBILITY_VERSION = 1;
				DYLIB_CURRENT_VERSION = 1;
				DYLIB_INSTALL_NAME_BASE = "@rpath";
				GENERATE_INFOPLIST_FILE = YES;
				INFOPLIST_KEY_NSHumanReadableCopyright = "Copyright © 2022 Oleksandr Nikolaichuk. All rights reserved.";
				INSTALL_PATH = "$(LOCAL_LIBRARY_DIR)/Frameworks";
				IPHONEOS_DEPLOYMENT_TARGET = 15.5;
				LD_RUNPATH_SEARCH_PATHS = (
					"$(inherited)",
					"@executable_path/Frameworks",
					"@loader_path/Frameworks",
				);
				MARKETING_VERSION = 1.0;
				PRODUCT_BUNDLE_IDENTIFIER = "AE-team.EssentialFeediOS";
				PRODUCT_NAME = "$(TARGET_NAME:c99extidentifier)";
				SDKROOT = iphoneos;
				SKIP_INSTALL = YES;
				SWIFT_EMIT_LOC_STRINGS = YES;
				SWIFT_OPTIMIZATION_LEVEL = "-Onone";
				SWIFT_VERSION = 5.0;
				TARGETED_DEVICE_FAMILY = "1,2";
			};
			name = Debug;
		};
		8DB1EB0028E46C6000B40291 /* Release */ = {
			isa = XCBuildConfiguration;
			buildSettings = {
				CLANG_ENABLE_MODULES = YES;
				CODE_SIGN_STYLE = Automatic;
				CURRENT_PROJECT_VERSION = 1;
				DEFINES_MODULE = YES;
				DEVELOPMENT_TEAM = WUJDW64U79;
				DYLIB_COMPATIBILITY_VERSION = 1;
				DYLIB_CURRENT_VERSION = 1;
				DYLIB_INSTALL_NAME_BASE = "@rpath";
				GENERATE_INFOPLIST_FILE = YES;
				INFOPLIST_KEY_NSHumanReadableCopyright = "Copyright © 2022 Oleksandr Nikolaichuk. All rights reserved.";
				INSTALL_PATH = "$(LOCAL_LIBRARY_DIR)/Frameworks";
				IPHONEOS_DEPLOYMENT_TARGET = 15.5;
				LD_RUNPATH_SEARCH_PATHS = (
					"$(inherited)",
					"@executable_path/Frameworks",
					"@loader_path/Frameworks",
				);
				MARKETING_VERSION = 1.0;
				PRODUCT_BUNDLE_IDENTIFIER = "AE-team.EssentialFeediOS";
				PRODUCT_NAME = "$(TARGET_NAME:c99extidentifier)";
				SDKROOT = iphoneos;
				SKIP_INSTALL = YES;
				SWIFT_EMIT_LOC_STRINGS = YES;
				SWIFT_VERSION = 5.0;
				TARGETED_DEVICE_FAMILY = "1,2";
				VALIDATE_PRODUCT = YES;
			};
			name = Release;
		};
		8DB1EB0228E46C6000B40291 /* Debug */ = {
			isa = XCBuildConfiguration;
			buildSettings = {
				ALWAYS_EMBED_SWIFT_STANDARD_LIBRARIES = YES;
				CODE_SIGN_STYLE = Automatic;
				CURRENT_PROJECT_VERSION = 1;
				DEVELOPMENT_TEAM = WUJDW64U79;
				GENERATE_INFOPLIST_FILE = YES;
				IPHONEOS_DEPLOYMENT_TARGET = 15.5;
				MARKETING_VERSION = 1.0;
				PRODUCT_BUNDLE_IDENTIFIER = "AE-team.EssentialFeediOSTests";
				PRODUCT_NAME = "$(TARGET_NAME)";
				SDKROOT = iphoneos;
				SWIFT_EMIT_LOC_STRINGS = NO;
				SWIFT_VERSION = 5.0;
				TARGETED_DEVICE_FAMILY = "1,2";
			};
			name = Debug;
		};
		8DB1EB0328E46C6000B40291 /* Release */ = {
			isa = XCBuildConfiguration;
			buildSettings = {
				ALWAYS_EMBED_SWIFT_STANDARD_LIBRARIES = YES;
				CODE_SIGN_STYLE = Automatic;
				CURRENT_PROJECT_VERSION = 1;
				DEVELOPMENT_TEAM = WUJDW64U79;
				GENERATE_INFOPLIST_FILE = YES;
				IPHONEOS_DEPLOYMENT_TARGET = 15.5;
				MARKETING_VERSION = 1.0;
				PRODUCT_BUNDLE_IDENTIFIER = "AE-team.EssentialFeediOSTests";
				PRODUCT_NAME = "$(TARGET_NAME)";
				SDKROOT = iphoneos;
				SWIFT_EMIT_LOC_STRINGS = NO;
				SWIFT_VERSION = 5.0;
				TARGETED_DEVICE_FAMILY = "1,2";
				VALIDATE_PRODUCT = YES;
			};
			name = Release;
		};
		8DDFB0AE28DC4FD900904759 /* Debug */ = {
			isa = XCBuildConfiguration;
			buildSettings = {
				ALWAYS_SEARCH_USER_PATHS = NO;
				CLANG_ANALYZER_NONNULL = YES;
				CLANG_ANALYZER_NUMBER_OBJECT_CONVERSION = YES_AGGRESSIVE;
				CLANG_CXX_LANGUAGE_STANDARD = "gnu++17";
				CLANG_ENABLE_MODULES = YES;
				CLANG_ENABLE_OBJC_ARC = YES;
				CLANG_ENABLE_OBJC_WEAK = YES;
				CLANG_WARN_BLOCK_CAPTURE_AUTORELEASING = YES;
				CLANG_WARN_BOOL_CONVERSION = YES;
				CLANG_WARN_COMMA = YES;
				CLANG_WARN_CONSTANT_CONVERSION = YES;
				CLANG_WARN_DEPRECATED_OBJC_IMPLEMENTATIONS = YES;
				CLANG_WARN_DIRECT_OBJC_ISA_USAGE = YES_ERROR;
				CLANG_WARN_DOCUMENTATION_COMMENTS = YES;
				CLANG_WARN_EMPTY_BODY = YES;
				CLANG_WARN_ENUM_CONVERSION = YES;
				CLANG_WARN_INFINITE_RECURSION = YES;
				CLANG_WARN_INT_CONVERSION = YES;
				CLANG_WARN_NON_LITERAL_NULL_CONVERSION = YES;
				CLANG_WARN_OBJC_IMPLICIT_RETAIN_SELF = YES;
				CLANG_WARN_OBJC_LITERAL_CONVERSION = YES;
				CLANG_WARN_OBJC_ROOT_CLASS = YES_ERROR;
				CLANG_WARN_QUOTED_INCLUDE_IN_FRAMEWORK_HEADER = YES;
				CLANG_WARN_RANGE_LOOP_ANALYSIS = YES;
				CLANG_WARN_STRICT_PROTOTYPES = YES;
				CLANG_WARN_SUSPICIOUS_MOVE = YES;
				CLANG_WARN_UNGUARDED_AVAILABILITY = YES_AGGRESSIVE;
				CLANG_WARN_UNREACHABLE_CODE = YES;
				CLANG_WARN__DUPLICATE_METHOD_MATCH = YES;
				COPY_PHASE_STRIP = NO;
				CURRENT_PROJECT_VERSION = 1;
				DEBUG_INFORMATION_FORMAT = dwarf;
				ENABLE_STRICT_OBJC_MSGSEND = YES;
				ENABLE_TESTABILITY = YES;
				GCC_C_LANGUAGE_STANDARD = gnu11;
				GCC_DYNAMIC_NO_PIC = NO;
				GCC_NO_COMMON_BLOCKS = YES;
				GCC_OPTIMIZATION_LEVEL = 0;
				GCC_PREPROCESSOR_DEFINITIONS = (
					"DEBUG=1",
					"$(inherited)",
				);
				GCC_WARN_64_TO_32_BIT_CONVERSION = YES;
				GCC_WARN_ABOUT_RETURN_TYPE = YES_ERROR;
				GCC_WARN_UNDECLARED_SELECTOR = YES;
				GCC_WARN_UNINITIALIZED_AUTOS = YES_AGGRESSIVE;
				GCC_WARN_UNUSED_FUNCTION = YES;
				GCC_WARN_UNUSED_VARIABLE = YES;
				MACOSX_DEPLOYMENT_TARGET = 12.1;
				MTL_ENABLE_DEBUG_INFO = INCLUDE_SOURCE;
				MTL_FAST_MATH = YES;
				ONLY_ACTIVE_ARCH = YES;
				SDKROOT = macosx;
				SWIFT_ACTIVE_COMPILATION_CONDITIONS = DEBUG;
				SWIFT_OPTIMIZATION_LEVEL = "-Onone";
				VERSIONING_SYSTEM = "apple-generic";
				VERSION_INFO_PREFIX = "";
			};
			name = Debug;
		};
		8DDFB0AF28DC4FD900904759 /* Release */ = {
			isa = XCBuildConfiguration;
			buildSettings = {
				ALWAYS_SEARCH_USER_PATHS = NO;
				CLANG_ANALYZER_NONNULL = YES;
				CLANG_ANALYZER_NUMBER_OBJECT_CONVERSION = YES_AGGRESSIVE;
				CLANG_CXX_LANGUAGE_STANDARD = "gnu++17";
				CLANG_ENABLE_MODULES = YES;
				CLANG_ENABLE_OBJC_ARC = YES;
				CLANG_ENABLE_OBJC_WEAK = YES;
				CLANG_WARN_BLOCK_CAPTURE_AUTORELEASING = YES;
				CLANG_WARN_BOOL_CONVERSION = YES;
				CLANG_WARN_COMMA = YES;
				CLANG_WARN_CONSTANT_CONVERSION = YES;
				CLANG_WARN_DEPRECATED_OBJC_IMPLEMENTATIONS = YES;
				CLANG_WARN_DIRECT_OBJC_ISA_USAGE = YES_ERROR;
				CLANG_WARN_DOCUMENTATION_COMMENTS = YES;
				CLANG_WARN_EMPTY_BODY = YES;
				CLANG_WARN_ENUM_CONVERSION = YES;
				CLANG_WARN_INFINITE_RECURSION = YES;
				CLANG_WARN_INT_CONVERSION = YES;
				CLANG_WARN_NON_LITERAL_NULL_CONVERSION = YES;
				CLANG_WARN_OBJC_IMPLICIT_RETAIN_SELF = YES;
				CLANG_WARN_OBJC_LITERAL_CONVERSION = YES;
				CLANG_WARN_OBJC_ROOT_CLASS = YES_ERROR;
				CLANG_WARN_QUOTED_INCLUDE_IN_FRAMEWORK_HEADER = YES;
				CLANG_WARN_RANGE_LOOP_ANALYSIS = YES;
				CLANG_WARN_STRICT_PROTOTYPES = YES;
				CLANG_WARN_SUSPICIOUS_MOVE = YES;
				CLANG_WARN_UNGUARDED_AVAILABILITY = YES_AGGRESSIVE;
				CLANG_WARN_UNREACHABLE_CODE = YES;
				CLANG_WARN__DUPLICATE_METHOD_MATCH = YES;
				COPY_PHASE_STRIP = NO;
				CURRENT_PROJECT_VERSION = 1;
				DEBUG_INFORMATION_FORMAT = "dwarf-with-dsym";
				ENABLE_NS_ASSERTIONS = NO;
				ENABLE_STRICT_OBJC_MSGSEND = YES;
				GCC_C_LANGUAGE_STANDARD = gnu11;
				GCC_NO_COMMON_BLOCKS = YES;
				GCC_WARN_64_TO_32_BIT_CONVERSION = YES;
				GCC_WARN_ABOUT_RETURN_TYPE = YES_ERROR;
				GCC_WARN_UNDECLARED_SELECTOR = YES;
				GCC_WARN_UNINITIALIZED_AUTOS = YES_AGGRESSIVE;
				GCC_WARN_UNUSED_FUNCTION = YES;
				GCC_WARN_UNUSED_VARIABLE = YES;
				MACOSX_DEPLOYMENT_TARGET = 12.1;
				MTL_ENABLE_DEBUG_INFO = NO;
				MTL_FAST_MATH = YES;
				SDKROOT = macosx;
				SWIFT_COMPILATION_MODE = wholemodule;
				SWIFT_OPTIMIZATION_LEVEL = "-O";
				VERSIONING_SYSTEM = "apple-generic";
				VERSION_INFO_PREFIX = "";
			};
			name = Release;
		};
		8DDFB0B128DC4FD900904759 /* Debug */ = {
			isa = XCBuildConfiguration;
			buildSettings = {
				CLANG_ENABLE_MODULES = YES;
				CODE_SIGN_STYLE = Manual;
				COMBINE_HIDPI_IMAGES = YES;
				CURRENT_PROJECT_VERSION = 1;
				DEFINES_MODULE = YES;
				DEVELOPMENT_TEAM = "";
				DYLIB_COMPATIBILITY_VERSION = 1;
				DYLIB_CURRENT_VERSION = 1;
				DYLIB_INSTALL_NAME_BASE = "@rpath";
				GENERATE_INFOPLIST_FILE = YES;
				INFOPLIST_KEY_NSHumanReadableCopyright = "";
				INSTALL_PATH = "$(LOCAL_LIBRARY_DIR)/Frameworks";
				LD_RUNPATH_SEARCH_PATHS = (
					"$(inherited)",
					"@executable_path/../Frameworks",
					"@loader_path/Frameworks",
				);
				MARKETING_VERSION = 1.0;
				PRODUCT_BUNDLE_IDENTIFIER = "AE-team.EssentialFeed";
				PRODUCT_NAME = "$(TARGET_NAME:c99extidentifier)";
				PROVISIONING_PROFILE_SPECIFIER = "";
				SDKROOT = macosx;
				SKIP_INSTALL = YES;
				SUPPORTED_PLATFORMS = "macosx iphoneos iphonesimulator";
				SWIFT_EMIT_LOC_STRINGS = YES;
				SWIFT_OPTIMIZATION_LEVEL = "-Onone";
				SWIFT_VERSION = 5.0;
			};
			name = Debug;
		};
		8DDFB0B228DC4FD900904759 /* Release */ = {
			isa = XCBuildConfiguration;
			buildSettings = {
				CLANG_ENABLE_MODULES = YES;
				CODE_SIGN_STYLE = Manual;
				COMBINE_HIDPI_IMAGES = YES;
				CURRENT_PROJECT_VERSION = 1;
				DEFINES_MODULE = YES;
				DEVELOPMENT_TEAM = "";
				DYLIB_COMPATIBILITY_VERSION = 1;
				DYLIB_CURRENT_VERSION = 1;
				DYLIB_INSTALL_NAME_BASE = "@rpath";
				GENERATE_INFOPLIST_FILE = YES;
				INFOPLIST_KEY_NSHumanReadableCopyright = "";
				INSTALL_PATH = "$(LOCAL_LIBRARY_DIR)/Frameworks";
				LD_RUNPATH_SEARCH_PATHS = (
					"$(inherited)",
					"@executable_path/../Frameworks",
					"@loader_path/Frameworks",
				);
				MARKETING_VERSION = 1.0;
				PRODUCT_BUNDLE_IDENTIFIER = "AE-team.EssentialFeed";
				PRODUCT_NAME = "$(TARGET_NAME:c99extidentifier)";
				PROVISIONING_PROFILE_SPECIFIER = "";
				SDKROOT = macosx;
				SKIP_INSTALL = YES;
				SUPPORTED_PLATFORMS = "macosx iphoneos iphonesimulator";
				SWIFT_EMIT_LOC_STRINGS = YES;
				SWIFT_VERSION = 5.0;
			};
			name = Release;
		};
		8DDFB0E728DC5F2D00904759 /* Debug */ = {
			isa = XCBuildConfiguration;
			buildSettings = {
				CODE_SIGN_STYLE = Manual;
				CURRENT_PROJECT_VERSION = 1;
				DEVELOPMENT_TEAM = "";
				GENERATE_INFOPLIST_FILE = YES;
				MARKETING_VERSION = 1.0;
				PRODUCT_BUNDLE_IDENTIFIER = "AE-team.EssentialFeedTests";
				PRODUCT_NAME = "$(TARGET_NAME)";
				PROVISIONING_PROFILE_SPECIFIER = "";
				SUPPORTED_PLATFORMS = "iphonesimulator iphoneos macosx";
				SWIFT_EMIT_LOC_STRINGS = NO;
				SWIFT_VERSION = 5.0;
			};
			name = Debug;
		};
		8DDFB0E828DC5F2D00904759 /* Release */ = {
			isa = XCBuildConfiguration;
			buildSettings = {
				CODE_SIGN_STYLE = Manual;
				CURRENT_PROJECT_VERSION = 1;
				DEVELOPMENT_TEAM = "";
				GENERATE_INFOPLIST_FILE = YES;
				MARKETING_VERSION = 1.0;
				PRODUCT_BUNDLE_IDENTIFIER = "AE-team.EssentialFeedTests";
				PRODUCT_NAME = "$(TARGET_NAME)";
				PROVISIONING_PROFILE_SPECIFIER = "";
				SUPPORTED_PLATFORMS = "iphonesimulator iphoneos macosx";
				SWIFT_EMIT_LOC_STRINGS = NO;
				SWIFT_VERSION = 5.0;
			};
			name = Release;
		};
		8DDFB11228DDF7C300904759 /* Debug */ = {
			isa = XCBuildConfiguration;
			buildSettings = {
				CODE_SIGN_STYLE = Manual;
				CURRENT_PROJECT_VERSION = 1;
				DEVELOPMENT_TEAM = "";
				GENERATE_INFOPLIST_FILE = YES;
				MARKETING_VERSION = 1.0;
				PRODUCT_BUNDLE_IDENTIFIER = "AE-team.EssentialFeedAPIEndToEndTests";
				PRODUCT_NAME = "$(TARGET_NAME)";
				PROVISIONING_PROFILE_SPECIFIER = "";
				SUPPORTED_PLATFORMS = "iphonesimulator iphoneos macosx";
				SWIFT_EMIT_LOC_STRINGS = NO;
				SWIFT_VERSION = 5.0;
			};
			name = Debug;
		};
		8DDFB11328DDF7C300904759 /* Release */ = {
			isa = XCBuildConfiguration;
			buildSettings = {
				CODE_SIGN_STYLE = Manual;
				CURRENT_PROJECT_VERSION = 1;
				DEVELOPMENT_TEAM = "";
				GENERATE_INFOPLIST_FILE = YES;
				MARKETING_VERSION = 1.0;
				PRODUCT_BUNDLE_IDENTIFIER = "AE-team.EssentialFeedAPIEndToEndTests";
				PRODUCT_NAME = "$(TARGET_NAME)";
				PROVISIONING_PROFILE_SPECIFIER = "";
				SUPPORTED_PLATFORMS = "iphonesimulator iphoneos macosx";
				SWIFT_EMIT_LOC_STRINGS = NO;
				SWIFT_VERSION = 5.0;
			};
			name = Release;
		};
/* End XCBuildConfiguration section */

/* Begin XCConfigurationList section */
		8DB1EAC228E4636A00B40291 /* Build configuration list for PBXNativeTarget "EssentialFeedCacheIntegrationTests" */ = {
			isa = XCConfigurationList;
			buildConfigurations = (
				8DB1EAC328E4636A00B40291 /* Debug */,
				8DB1EAC428E4636A00B40291 /* Release */,
			);
			defaultConfigurationIsVisible = 0;
			defaultConfigurationName = Release;
		};
		8DB1EAFE28E46C6000B40291 /* Build configuration list for PBXNativeTarget "EssentialFeediOS" */ = {
			isa = XCConfigurationList;
			buildConfigurations = (
				8DB1EAFF28E46C6000B40291 /* Debug */,
				8DB1EB0028E46C6000B40291 /* Release */,
			);
			defaultConfigurationIsVisible = 0;
			defaultConfigurationName = Release;
		};
		8DB1EB0128E46C6000B40291 /* Build configuration list for PBXNativeTarget "EssentialFeediOSTests" */ = {
			isa = XCConfigurationList;
			buildConfigurations = (
				8DB1EB0228E46C6000B40291 /* Debug */,
				8DB1EB0328E46C6000B40291 /* Release */,
			);
			defaultConfigurationIsVisible = 0;
			defaultConfigurationName = Release;
		};
		8DDFB0A328DC4FD900904759 /* Build configuration list for PBXProject "EssentialFeed" */ = {
			isa = XCConfigurationList;
			buildConfigurations = (
				8DDFB0AE28DC4FD900904759 /* Debug */,
				8DDFB0AF28DC4FD900904759 /* Release */,
			);
			defaultConfigurationIsVisible = 0;
			defaultConfigurationName = Release;
		};
		8DDFB0B028DC4FD900904759 /* Build configuration list for PBXNativeTarget "EssentialFeed" */ = {
			isa = XCConfigurationList;
			buildConfigurations = (
				8DDFB0B128DC4FD900904759 /* Debug */,
				8DDFB0B228DC4FD900904759 /* Release */,
			);
			defaultConfigurationIsVisible = 0;
			defaultConfigurationName = Release;
		};
		8DDFB0E628DC5F2D00904759 /* Build configuration list for PBXNativeTarget "EssentialFeedTests" */ = {
			isa = XCConfigurationList;
			buildConfigurations = (
				8DDFB0E728DC5F2D00904759 /* Debug */,
				8DDFB0E828DC5F2D00904759 /* Release */,
			);
			defaultConfigurationIsVisible = 0;
			defaultConfigurationName = Release;
		};
		8DDFB11128DDF7C300904759 /* Build configuration list for PBXNativeTarget "EssentialFeedAPIEndToEndTests" */ = {
			isa = XCConfigurationList;
			buildConfigurations = (
				8DDFB11228DDF7C300904759 /* Debug */,
				8DDFB11328DDF7C300904759 /* Release */,
			);
			defaultConfigurationIsVisible = 0;
			defaultConfigurationName = Release;
		};
/* End XCConfigurationList section */

/* Begin XCVersionGroup section */
		8DB1EAAB28E446CF00B40291 /* FeedStore.xcdatamodeld */ = {
			isa = XCVersionGroup;
			children = (
				8DB1EAAC28E446CF00B40291 /* FeedStore.xcdatamodel */,
			);
			currentVersion = 8DB1EAAC28E446CF00B40291 /* FeedStore.xcdatamodel */;
			path = FeedStore.xcdatamodeld;
			sourceTree = "<group>";
			versionGroupType = wrapper.xcdatamodel;
		};
/* End XCVersionGroup section */
	};
	rootObject = 8DDFB0A028DC4FD900904759 /* Project object */;
}
