// !$*UTF8*$!
{
	archiveVersion = 1;
	classes = {
	};
	objectVersion = 55;
	objects = {

/* Begin PBXBuildFile section */
		8D1DA22C28EC5526003FB2E1 /* AppDelegate.swift in Sources */ = {isa = PBXBuildFile; fileRef = 8D1DA22B28EC5526003FB2E1 /* AppDelegate.swift */; };
		8D1DA22E28EC5526003FB2E1 /* SceneDelegate.swift in Sources */ = {isa = PBXBuildFile; fileRef = 8D1DA22D28EC5526003FB2E1 /* SceneDelegate.swift */; };
		8D1DA23328EC5526003FB2E1 /* Main.storyboard in Resources */ = {isa = PBXBuildFile; fileRef = 8D1DA23128EC5526003FB2E1 /* Main.storyboard */; };
		8D1DA23528EC5528003FB2E1 /* Assets.xcassets in Resources */ = {isa = PBXBuildFile; fileRef = 8D1DA23428EC5528003FB2E1 /* Assets.xcassets */; };
		8D1DA23828EC5528003FB2E1 /* LaunchScreen.storyboard in Resources */ = {isa = PBXBuildFile; fileRef = 8D1DA23628EC5528003FB2E1 /* LaunchScreen.storyboard */; };
		8D1DA24328EC5528003FB2E1 /* FeedLoaderWithFallbackCompositeTests.swift in Sources */ = {isa = PBXBuildFile; fileRef = 8D1DA24228EC5528003FB2E1 /* FeedLoaderWithFallbackCompositeTests.swift */; };
		8D1DA25E28EC5667003FB2E1 /* EssentialFeed.framework in Frameworks */ = {isa = PBXBuildFile; fileRef = 8D1DA25C28EC5667003FB2E1 /* EssentialFeed.framework */; };
		8D1DA25F28EC5667003FB2E1 /* EssentialFeed.framework in Embed Frameworks */ = {isa = PBXBuildFile; fileRef = 8D1DA25C28EC5667003FB2E1 /* EssentialFeed.framework */; settings = {ATTRIBUTES = (CodeSignOnCopy, RemoveHeadersOnCopy, ); }; };
		8D1DA26028EC5667003FB2E1 /* EssentialFeediOS.framework in Frameworks */ = {isa = PBXBuildFile; fileRef = 8D1DA25D28EC5667003FB2E1 /* EssentialFeediOS.framework */; };
		8D1DA26128EC5667003FB2E1 /* EssentialFeediOS.framework in Embed Frameworks */ = {isa = PBXBuildFile; fileRef = 8D1DA25D28EC5667003FB2E1 /* EssentialFeediOS.framework */; settings = {ATTRIBUTES = (CodeSignOnCopy, RemoveHeadersOnCopy, ); }; };
		8D1DA29128EC8AB4003FB2E1 /* FeedLoaderWithFallback.swift in Sources */ = {isa = PBXBuildFile; fileRef = 8D1DA29028EC8AB4003FB2E1 /* FeedLoaderWithFallback.swift */; };
		8D9D521528F0611200465FCB /* UIView+TestHelpers.swift in Sources */ = {isa = PBXBuildFile; fileRef = 8D9D521428F0611200465FCB /* UIView+TestHelpers.swift */; };
		8DC434D028ED68C400B7949B /* FeedImageDataLoaderWithFallbackCompositeTests.swift in Sources */ = {isa = PBXBuildFile; fileRef = 8DC434CF28ED68C400B7949B /* FeedImageDataLoaderWithFallbackCompositeTests.swift */; };
		8DC434D228ED711800B7949B /* FeedImageDataLoaderWithFallbackComposite.swift in Sources */ = {isa = PBXBuildFile; fileRef = 8DC434D128ED711800B7949B /* FeedImageDataLoaderWithFallbackComposite.swift */; };
		8DC434D528ED81B100B7949B /* XCTestCase+MemoryLeakTracking.swift in Sources */ = {isa = PBXBuildFile; fileRef = 8DC434D428ED81B100B7949B /* XCTestCase+MemoryLeakTracking.swift */; };
		8DC434D728ED81ED00B7949B /* SharedTestHelpers.swift in Sources */ = {isa = PBXBuildFile; fileRef = 8DC434D628ED81ED00B7949B /* SharedTestHelpers.swift */; };
		8DC434DB28ED8D2A00B7949B /* FeedLoaderCacheDecoratorTests.swift in Sources */ = {isa = PBXBuildFile; fileRef = 8DC434DA28ED8D2A00B7949B /* FeedLoaderCacheDecoratorTests.swift */; };
		8DC434DD28ED8EFE00B7949B /* FeedLoaderStub.swift in Sources */ = {isa = PBXBuildFile; fileRef = 8DC434DC28ED8EFE00B7949B /* FeedLoaderStub.swift */; };
		8DC434DF28ED8FB600B7949B /* XCTestCase+FeedLoader.swift in Sources */ = {isa = PBXBuildFile; fileRef = 8DC434DE28ED8FB600B7949B /* XCTestCase+FeedLoader.swift */; };
		8DC434E128ED95F800B7949B /* FeedLoaderCacheDecorator.swift in Sources */ = {isa = PBXBuildFile; fileRef = 8DC434E028ED95F800B7949B /* FeedLoaderCacheDecorator.swift */; };
		8DC434F628EEE80300B7949B /* FeedImageDataLoaderCacheDecoratorTests.swift in Sources */ = {isa = PBXBuildFile; fileRef = 8DC434F528EEE80300B7949B /* FeedImageDataLoaderCacheDecoratorTests.swift */; };
		8DC434F828EEED2400B7949B /* FeedImageDataLoaderSpy.swift in Sources */ = {isa = PBXBuildFile; fileRef = 8DC434F728EEED2400B7949B /* FeedImageDataLoaderSpy.swift */; };
		8DC434FA28EEED8500B7949B /* XCTestCase+FeedImageDataLoader.swift in Sources */ = {isa = PBXBuildFile; fileRef = 8DC434F928EEED8500B7949B /* XCTestCase+FeedImageDataLoader.swift */; };
		8DC434FE28EEF0BF00B7949B /* FeedImageDataLoaderCacheDecorator.swift in Sources */ = {isa = PBXBuildFile; fileRef = 8DC434FD28EEF0BF00B7949B /* FeedImageDataLoaderCacheDecorator.swift */; };
		8DC4350128F0177800B7949B /* SceneDelegateTests.swift in Sources */ = {isa = PBXBuildFile; fileRef = 8DC434FF28EEF35500B7949B /* SceneDelegateTests.swift */; };
		8DC4350828F01D3200B7949B /* FeedImageDataLoaderPresentationAdapter.swift in Sources */ = {isa = PBXBuildFile; fileRef = 8DC4350728F01D3200B7949B /* FeedImageDataLoaderPresentationAdapter.swift */; };
		8DC4350928F01D3200B7949B /* FeedLoaderPresentationAdapter.swift in Sources */ = {isa = PBXBuildFile; fileRef = 8DC4350428F01D3200B7949B /* FeedLoaderPresentationAdapter.swift */; };
		8DC4350A28F01D3200B7949B /* FeedViewAdapter.swift in Sources */ = {isa = PBXBuildFile; fileRef = 8DC4350328F01D3200B7949B /* FeedViewAdapter.swift */; };
		8DC4350B28F01D3200B7949B /* MainQueueDispatchDecorator.swift in Sources */ = {isa = PBXBuildFile; fileRef = 8DC4350628F01D3200B7949B /* MainQueueDispatchDecorator.swift */; };
		8DC4350C28F01D3200B7949B /* FeedUIComposer.swift in Sources */ = {isa = PBXBuildFile; fileRef = 8DC4350228F01D3200B7949B /* FeedUIComposer.swift */; };
		8DC4350D28F01D3200B7949B /* WeakRefVirtualProxy.swift in Sources */ = {isa = PBXBuildFile; fileRef = 8DC4350528F01D3200B7949B /* WeakRefVirtualProxy.swift */; };
		8DC4351528F01D7C00B7949B /* UIRefreshControl+TestHelpers.swift in Sources */ = {isa = PBXBuildFile; fileRef = 8DC4350F28F01D7B00B7949B /* UIRefreshControl+TestHelpers.swift */; };
		8DC4351628F01D7C00B7949B /* UIImage+TestHelpers.swift in Sources */ = {isa = PBXBuildFile; fileRef = 8DC4351028F01D7C00B7949B /* UIImage+TestHelpers.swift */; };
		8DC4351728F01D7C00B7949B /* UIControl+TestHelpers.swift in Sources */ = {isa = PBXBuildFile; fileRef = 8DC4351428F01D7C00B7949B /* UIControl+TestHelpers.swift */; };
		8DC4351828F01D7C00B7949B /* FeedViewControllerTests+Localization.swift in Sources */ = {isa = PBXBuildFile; fileRef = 8DC4351328F01D7C00B7949B /* FeedViewControllerTests+Localization.swift */; };
		8DC4351928F01D7C00B7949B /* FeedImageCell+DSLExtensions.swift in Sources */ = {isa = PBXBuildFile; fileRef = 8DC4350E28F01D7B00B7949B /* FeedImageCell+DSLExtensions.swift */; };
		8DC4351A28F01D7C00B7949B /* UIButton+TestHelpers.swift in Sources */ = {isa = PBXBuildFile; fileRef = 8DC4351228F01D7C00B7949B /* UIButton+TestHelpers.swift */; };
		8DC4351B28F01D7C00B7949B /* FeedViewController+DSLExtensions.swift in Sources */ = {isa = PBXBuildFile; fileRef = 8DC4351128F01D7C00B7949B /* FeedViewController+DSLExtensions.swift */; };
		8DC4351D28F01D9800B7949B /* FeedUIIntegrationTests.swift in Sources */ = {isa = PBXBuildFile; fileRef = 8DC4351C28F01D9800B7949B /* FeedUIIntegrationTests.swift */; };
		8DC4351F28F0207F00B7949B /* FeedAcceptanceTests.swift in Sources */ = {isa = PBXBuildFile; fileRef = 8DC4351E28F0207F00B7949B /* FeedAcceptanceTests.swift */; };
		8DC4352128F0388400B7949B /* HTTPClientStub.swift in Sources */ = {isa = PBXBuildFile; fileRef = 8DC4352028F0388400B7949B /* HTTPClientStub.swift */; };
		8DC4352328F038B500B7949B /* InMemoryFeedStore.swift in Sources */ = {isa = PBXBuildFile; fileRef = 8DC4352228F038B500B7949B /* InMemoryFeedStore.swift */; };
/* End PBXBuildFile section */

/* Begin PBXContainerItemProxy section */
		8D1DA23F28EC5528003FB2E1 /* PBXContainerItemProxy */ = {
			isa = PBXContainerItemProxy;
			containerPortal = 8D1DA22028EC5526003FB2E1 /* Project object */;
			proxyType = 1;
			remoteGlobalIDString = 8D1DA22728EC5526003FB2E1;
			remoteInfo = EssentialApp;
		};
/* End PBXContainerItemProxy section */

/* Begin PBXCopyFilesBuildPhase section */
		8D1DA26228EC5667003FB2E1 /* Embed Frameworks */ = {
			isa = PBXCopyFilesBuildPhase;
			buildActionMask = 2147483647;
			dstPath = "";
			dstSubfolderSpec = 10;
			files = (
				8D1DA25F28EC5667003FB2E1 /* EssentialFeed.framework in Embed Frameworks */,
				8D1DA26128EC5667003FB2E1 /* EssentialFeediOS.framework in Embed Frameworks */,
			);
			name = "Embed Frameworks";
			runOnlyForDeploymentPostprocessing = 0;
		};
/* End PBXCopyFilesBuildPhase section */

/* Begin PBXFileReference section */
		8D1DA22828EC5526003FB2E1 /* EssentialApp.app */ = {isa = PBXFileReference; explicitFileType = wrapper.application; includeInIndex = 0; path = EssentialApp.app; sourceTree = BUILT_PRODUCTS_DIR; };
		8D1DA22B28EC5526003FB2E1 /* AppDelegate.swift */ = {isa = PBXFileReference; lastKnownFileType = sourcecode.swift; path = AppDelegate.swift; sourceTree = "<group>"; };
		8D1DA22D28EC5526003FB2E1 /* SceneDelegate.swift */ = {isa = PBXFileReference; lastKnownFileType = sourcecode.swift; path = SceneDelegate.swift; sourceTree = "<group>"; };
		8D1DA23228EC5526003FB2E1 /* Base */ = {isa = PBXFileReference; lastKnownFileType = file.storyboard; name = Base; path = Base.lproj/Main.storyboard; sourceTree = "<group>"; };
		8D1DA23428EC5528003FB2E1 /* Assets.xcassets */ = {isa = PBXFileReference; lastKnownFileType = folder.assetcatalog; path = Assets.xcassets; sourceTree = "<group>"; };
		8D1DA23728EC5528003FB2E1 /* Base */ = {isa = PBXFileReference; lastKnownFileType = file.storyboard; name = Base; path = Base.lproj/LaunchScreen.storyboard; sourceTree = "<group>"; };
		8D1DA23928EC5528003FB2E1 /* Info.plist */ = {isa = PBXFileReference; lastKnownFileType = text.plist.xml; path = Info.plist; sourceTree = "<group>"; };
		8D1DA23E28EC5528003FB2E1 /* EssentialAppTests.xctest */ = {isa = PBXFileReference; explicitFileType = wrapper.cfbundle; includeInIndex = 0; path = EssentialAppTests.xctest; sourceTree = BUILT_PRODUCTS_DIR; };
		8D1DA24228EC5528003FB2E1 /* FeedLoaderWithFallbackCompositeTests.swift */ = {isa = PBXFileReference; lastKnownFileType = sourcecode.swift; path = FeedLoaderWithFallbackCompositeTests.swift; sourceTree = "<group>"; };
		8D1DA25C28EC5667003FB2E1 /* EssentialFeed.framework */ = {isa = PBXFileReference; explicitFileType = wrapper.framework; path = EssentialFeed.framework; sourceTree = BUILT_PRODUCTS_DIR; };
		8D1DA25D28EC5667003FB2E1 /* EssentialFeediOS.framework */ = {isa = PBXFileReference; explicitFileType = wrapper.framework; path = EssentialFeediOS.framework; sourceTree = BUILT_PRODUCTS_DIR; };
		8D1DA29028EC8AB4003FB2E1 /* FeedLoaderWithFallback.swift */ = {isa = PBXFileReference; lastKnownFileType = sourcecode.swift; path = FeedLoaderWithFallback.swift; sourceTree = "<group>"; };
		8D9D521428F0611200465FCB /* UIView+TestHelpers.swift */ = {isa = PBXFileReference; lastKnownFileType = sourcecode.swift; path = "UIView+TestHelpers.swift"; sourceTree = "<group>"; };
		8DC434CF28ED68C400B7949B /* FeedImageDataLoaderWithFallbackCompositeTests.swift */ = {isa = PBXFileReference; lastKnownFileType = sourcecode.swift; path = FeedImageDataLoaderWithFallbackCompositeTests.swift; sourceTree = "<group>"; };
		8DC434D128ED711800B7949B /* FeedImageDataLoaderWithFallbackComposite.swift */ = {isa = PBXFileReference; lastKnownFileType = sourcecode.swift; path = FeedImageDataLoaderWithFallbackComposite.swift; sourceTree = "<group>"; };
		8DC434D428ED81B100B7949B /* XCTestCase+MemoryLeakTracking.swift */ = {isa = PBXFileReference; lastKnownFileType = sourcecode.swift; path = "XCTestCase+MemoryLeakTracking.swift"; sourceTree = "<group>"; };
		8DC434D628ED81ED00B7949B /* SharedTestHelpers.swift */ = {isa = PBXFileReference; lastKnownFileType = sourcecode.swift; path = SharedTestHelpers.swift; sourceTree = "<group>"; };
		8DC434DA28ED8D2A00B7949B /* FeedLoaderCacheDecoratorTests.swift */ = {isa = PBXFileReference; lastKnownFileType = sourcecode.swift; path = FeedLoaderCacheDecoratorTests.swift; sourceTree = "<group>"; };
		8DC434DC28ED8EFE00B7949B /* FeedLoaderStub.swift */ = {isa = PBXFileReference; lastKnownFileType = sourcecode.swift; path = FeedLoaderStub.swift; sourceTree = "<group>"; };
		8DC434DE28ED8FB600B7949B /* XCTestCase+FeedLoader.swift */ = {isa = PBXFileReference; lastKnownFileType = sourcecode.swift; path = "XCTestCase+FeedLoader.swift"; sourceTree = "<group>"; };
		8DC434E028ED95F800B7949B /* FeedLoaderCacheDecorator.swift */ = {isa = PBXFileReference; lastKnownFileType = sourcecode.swift; path = FeedLoaderCacheDecorator.swift; sourceTree = "<group>"; };
		8DC434F528EEE80300B7949B /* FeedImageDataLoaderCacheDecoratorTests.swift */ = {isa = PBXFileReference; lastKnownFileType = sourcecode.swift; path = FeedImageDataLoaderCacheDecoratorTests.swift; sourceTree = "<group>"; };
		8DC434F728EEED2400B7949B /* FeedImageDataLoaderSpy.swift */ = {isa = PBXFileReference; lastKnownFileType = sourcecode.swift; path = FeedImageDataLoaderSpy.swift; sourceTree = "<group>"; };
		8DC434F928EEED8500B7949B /* XCTestCase+FeedImageDataLoader.swift */ = {isa = PBXFileReference; lastKnownFileType = sourcecode.swift; path = "XCTestCase+FeedImageDataLoader.swift"; sourceTree = "<group>"; };
		8DC434FD28EEF0BF00B7949B /* FeedImageDataLoaderCacheDecorator.swift */ = {isa = PBXFileReference; lastKnownFileType = sourcecode.swift; path = FeedImageDataLoaderCacheDecorator.swift; sourceTree = "<group>"; };
		8DC434FF28EEF35500B7949B /* SceneDelegateTests.swift */ = {isa = PBXFileReference; lastKnownFileType = sourcecode.swift; path = SceneDelegateTests.swift; sourceTree = "<group>"; };
		8DC4350228F01D3200B7949B /* FeedUIComposer.swift */ = {isa = PBXFileReference; lastKnownFileType = sourcecode.swift; path = FeedUIComposer.swift; sourceTree = "<group>"; };
		8DC4350328F01D3200B7949B /* FeedViewAdapter.swift */ = {isa = PBXFileReference; lastKnownFileType = sourcecode.swift; path = FeedViewAdapter.swift; sourceTree = "<group>"; };
		8DC4350428F01D3200B7949B /* FeedLoaderPresentationAdapter.swift */ = {isa = PBXFileReference; lastKnownFileType = sourcecode.swift; path = FeedLoaderPresentationAdapter.swift; sourceTree = "<group>"; };
		8DC4350528F01D3200B7949B /* WeakRefVirtualProxy.swift */ = {isa = PBXFileReference; lastKnownFileType = sourcecode.swift; path = WeakRefVirtualProxy.swift; sourceTree = "<group>"; };
		8DC4350628F01D3200B7949B /* MainQueueDispatchDecorator.swift */ = {isa = PBXFileReference; lastKnownFileType = sourcecode.swift; path = MainQueueDispatchDecorator.swift; sourceTree = "<group>"; };
		8DC4350728F01D3200B7949B /* FeedImageDataLoaderPresentationAdapter.swift */ = {isa = PBXFileReference; lastKnownFileType = sourcecode.swift; path = FeedImageDataLoaderPresentationAdapter.swift; sourceTree = "<group>"; };
		8DC4350E28F01D7B00B7949B /* FeedImageCell+DSLExtensions.swift */ = {isa = PBXFileReference; lastKnownFileType = sourcecode.swift; path = "FeedImageCell+DSLExtensions.swift"; sourceTree = "<group>"; };
		8DC4350F28F01D7B00B7949B /* UIRefreshControl+TestHelpers.swift */ = {isa = PBXFileReference; lastKnownFileType = sourcecode.swift; path = "UIRefreshControl+TestHelpers.swift"; sourceTree = "<group>"; };
		8DC4351028F01D7C00B7949B /* UIImage+TestHelpers.swift */ = {isa = PBXFileReference; lastKnownFileType = sourcecode.swift; path = "UIImage+TestHelpers.swift"; sourceTree = "<group>"; };
		8DC4351128F01D7C00B7949B /* FeedViewController+DSLExtensions.swift */ = {isa = PBXFileReference; lastKnownFileType = sourcecode.swift; path = "FeedViewController+DSLExtensions.swift"; sourceTree = "<group>"; };
		8DC4351228F01D7C00B7949B /* UIButton+TestHelpers.swift */ = {isa = PBXFileReference; lastKnownFileType = sourcecode.swift; path = "UIButton+TestHelpers.swift"; sourceTree = "<group>"; };
		8DC4351328F01D7C00B7949B /* FeedViewControllerTests+Localization.swift */ = {isa = PBXFileReference; lastKnownFileType = sourcecode.swift; path = "FeedViewControllerTests+Localization.swift"; sourceTree = "<group>"; };
		8DC4351428F01D7C00B7949B /* UIControl+TestHelpers.swift */ = {isa = PBXFileReference; lastKnownFileType = sourcecode.swift; path = "UIControl+TestHelpers.swift"; sourceTree = "<group>"; };
		8DC4351C28F01D9800B7949B /* FeedUIIntegrationTests.swift */ = {isa = PBXFileReference; lastKnownFileType = sourcecode.swift; path = FeedUIIntegrationTests.swift; sourceTree = "<group>"; };
		8DC4351E28F0207F00B7949B /* FeedAcceptanceTests.swift */ = {isa = PBXFileReference; lastKnownFileType = sourcecode.swift; path = FeedAcceptanceTests.swift; sourceTree = "<group>"; };
		8DC4352028F0388400B7949B /* HTTPClientStub.swift */ = {isa = PBXFileReference; lastKnownFileType = sourcecode.swift; path = HTTPClientStub.swift; sourceTree = "<group>"; };
		8DC4352228F038B500B7949B /* InMemoryFeedStore.swift */ = {isa = PBXFileReference; lastKnownFileType = sourcecode.swift; path = InMemoryFeedStore.swift; sourceTree = "<group>"; };
/* End PBXFileReference section */

/* Begin PBXFrameworksBuildPhase section */
		8D1DA22528EC5526003FB2E1 /* Frameworks */ = {
			isa = PBXFrameworksBuildPhase;
			buildActionMask = 2147483647;
			files = (
				8D1DA25E28EC5667003FB2E1 /* EssentialFeed.framework in Frameworks */,
				8D1DA26028EC5667003FB2E1 /* EssentialFeediOS.framework in Frameworks */,
			);
			runOnlyForDeploymentPostprocessing = 0;
		};
		8D1DA23B28EC5528003FB2E1 /* Frameworks */ = {
			isa = PBXFrameworksBuildPhase;
			buildActionMask = 2147483647;
			files = (
			);
			runOnlyForDeploymentPostprocessing = 0;
		};
/* End PBXFrameworksBuildPhase section */

/* Begin PBXGroup section */
		8D1DA21F28EC5526003FB2E1 = {
			isa = PBXGroup;
			children = (
				8D1DA22A28EC5526003FB2E1 /* EssentialApp */,
				8D1DA24128EC5528003FB2E1 /* EssentialAppTests */,
				8D1DA22928EC5526003FB2E1 /* Products */,
				8D1DA25B28EC5667003FB2E1 /* Frameworks */,
			);
			sourceTree = "<group>";
		};
		8D1DA22928EC5526003FB2E1 /* Products */ = {
			isa = PBXGroup;
			children = (
				8D1DA22828EC5526003FB2E1 /* EssentialApp.app */,
				8D1DA23E28EC5528003FB2E1 /* EssentialAppTests.xctest */,
			);
			name = Products;
			sourceTree = "<group>";
		};
		8D1DA22A28EC5526003FB2E1 /* EssentialApp */ = {
			isa = PBXGroup;
			children = (
				8D1DA22B28EC5526003FB2E1 /* AppDelegate.swift */,
				8D1DA22D28EC5526003FB2E1 /* SceneDelegate.swift */,
				8D1DA29028EC8AB4003FB2E1 /* FeedLoaderWithFallback.swift */,
				8DC434D128ED711800B7949B /* FeedImageDataLoaderWithFallbackComposite.swift */,
				8DC434E028ED95F800B7949B /* FeedLoaderCacheDecorator.swift */,
				8DC434FD28EEF0BF00B7949B /* FeedImageDataLoaderCacheDecorator.swift */,
				8DC4350228F01D3200B7949B /* FeedUIComposer.swift */,
				8DC4350628F01D3200B7949B /* MainQueueDispatchDecorator.swift */,
				8DC4350528F01D3200B7949B /* WeakRefVirtualProxy.swift */,
				8DC4350728F01D3200B7949B /* FeedImageDataLoaderPresentationAdapter.swift */,
				8DC4350428F01D3200B7949B /* FeedLoaderPresentationAdapter.swift */,
				8DC4350328F01D3200B7949B /* FeedViewAdapter.swift */,
				8D1DA23128EC5526003FB2E1 /* Main.storyboard */,
				8D1DA23428EC5528003FB2E1 /* Assets.xcassets */,
				8D1DA23628EC5528003FB2E1 /* LaunchScreen.storyboard */,
				8D1DA23928EC5528003FB2E1 /* Info.plist */,
			);
			path = EssentialApp;
			sourceTree = "<group>";
		};
		8D1DA24128EC5528003FB2E1 /* EssentialAppTests */ = {
			isa = PBXGroup;
			children = (
				8DC434D328ED819800B7949B /* Helpers */,
				8D1DA24228EC5528003FB2E1 /* FeedLoaderWithFallbackCompositeTests.swift */,
				8DC434CF28ED68C400B7949B /* FeedImageDataLoaderWithFallbackCompositeTests.swift */,
				8DC434DA28ED8D2A00B7949B /* FeedLoaderCacheDecoratorTests.swift */,
				8DC434F528EEE80300B7949B /* FeedImageDataLoaderCacheDecoratorTests.swift */,
				8DC434FF28EEF35500B7949B /* SceneDelegateTests.swift */,
				8DC4351C28F01D9800B7949B /* FeedUIIntegrationTests.swift */,
				8DC4351E28F0207F00B7949B /* FeedAcceptanceTests.swift */,
			);
			path = EssentialAppTests;
			sourceTree = "<group>";
		};
		8D1DA25B28EC5667003FB2E1 /* Frameworks */ = {
			isa = PBXGroup;
			children = (
				8D1DA25C28EC5667003FB2E1 /* EssentialFeed.framework */,
				8D1DA25D28EC5667003FB2E1 /* EssentialFeediOS.framework */,
			);
			name = Frameworks;
			sourceTree = "<group>";
		};
		8DC434D328ED819800B7949B /* Helpers */ = {
			isa = PBXGroup;
			children = (
				8DC4350F28F01D7B00B7949B /* UIRefreshControl+TestHelpers.swift */,
				8DC4351028F01D7C00B7949B /* UIImage+TestHelpers.swift */,
				8DC4351228F01D7C00B7949B /* UIButton+TestHelpers.swift */,
				8DC4351428F01D7C00B7949B /* UIControl+TestHelpers.swift */,
				8DC4351128F01D7C00B7949B /* FeedViewController+DSLExtensions.swift */,
				8DC4350E28F01D7B00B7949B /* FeedImageCell+DSLExtensions.swift */,
				8DC4351328F01D7C00B7949B /* FeedViewControllerTests+Localization.swift */,
				8DC434D428ED81B100B7949B /* XCTestCase+MemoryLeakTracking.swift */,
				8DC434D628ED81ED00B7949B /* SharedTestHelpers.swift */,
				8DC434DC28ED8EFE00B7949B /* FeedLoaderStub.swift */,
				8DC434DE28ED8FB600B7949B /* XCTestCase+FeedLoader.swift */,
				8DC434F728EEED2400B7949B /* FeedImageDataLoaderSpy.swift */,
				8DC434F928EEED8500B7949B /* XCTestCase+FeedImageDataLoader.swift */,
				8DC4352028F0388400B7949B /* HTTPClientStub.swift */,
				8DC4352228F038B500B7949B /* InMemoryFeedStore.swift */,
				8D9D521428F0611200465FCB /* UIView+TestHelpers.swift */,
			);
			path = Helpers;
			sourceTree = "<group>";
		};
/* End PBXGroup section */

/* Begin PBXNativeTarget section */
		8D1DA22728EC5526003FB2E1 /* EssentialApp */ = {
			isa = PBXNativeTarget;
			buildConfigurationList = 8D1DA25228EC5528003FB2E1 /* Build configuration list for PBXNativeTarget "EssentialApp" */;
			buildPhases = (
				8D1DA22428EC5526003FB2E1 /* Sources */,
				8D1DA22528EC5526003FB2E1 /* Frameworks */,
				8D1DA22628EC5526003FB2E1 /* Resources */,
				8D1DA26228EC5667003FB2E1 /* Embed Frameworks */,
			);
			buildRules = (
			);
			dependencies = (
			);
			name = EssentialApp;
			productName = EssentialApp;
			productReference = 8D1DA22828EC5526003FB2E1 /* EssentialApp.app */;
			productType = "com.apple.product-type.application";
		};
		8D1DA23D28EC5528003FB2E1 /* EssentialAppTests */ = {
			isa = PBXNativeTarget;
			buildConfigurationList = 8D1DA25528EC5528003FB2E1 /* Build configuration list for PBXNativeTarget "EssentialAppTests" */;
			buildPhases = (
				8D1DA23A28EC5528003FB2E1 /* Sources */,
				8D1DA23B28EC5528003FB2E1 /* Frameworks */,
				8D1DA23C28EC5528003FB2E1 /* Resources */,
			);
			buildRules = (
			);
			dependencies = (
				8D1DA24028EC5528003FB2E1 /* PBXTargetDependency */,
			);
			name = EssentialAppTests;
			productName = EssentialAppTests;
			productReference = 8D1DA23E28EC5528003FB2E1 /* EssentialAppTests.xctest */;
			productType = "com.apple.product-type.bundle.unit-test";
		};
/* End PBXNativeTarget section */

/* Begin PBXProject section */
		8D1DA22028EC5526003FB2E1 /* Project object */ = {
			isa = PBXProject;
			attributes = {
				BuildIndependentTargetsInParallel = 1;
				LastSwiftUpdateCheck = 1340;
				LastUpgradeCheck = 1340;
				ORGANIZATIONNAME = "Oleksandr Nikolaichuk";
				TargetAttributes = {
					8D1DA22728EC5526003FB2E1 = {
						CreatedOnToolsVersion = 13.4.1;
					};
					8D1DA23D28EC5528003FB2E1 = {
						CreatedOnToolsVersion = 13.4.1;
						TestTargetID = 8D1DA22728EC5526003FB2E1;
					};
				};
			};
			buildConfigurationList = 8D1DA22328EC5526003FB2E1 /* Build configuration list for PBXProject "EssentialApp" */;
			compatibilityVersion = "Xcode 13.0";
			developmentRegion = en;
			hasScannedForEncodings = 0;
			knownRegions = (
				en,
				Base,
			);
			mainGroup = 8D1DA21F28EC5526003FB2E1;
			productRefGroup = 8D1DA22928EC5526003FB2E1 /* Products */;
			projectDirPath = "";
			projectRoot = "";
			targets = (
				8D1DA22728EC5526003FB2E1 /* EssentialApp */,
				8D1DA23D28EC5528003FB2E1 /* EssentialAppTests */,
			);
		};
/* End PBXProject section */

/* Begin PBXResourcesBuildPhase section */
		8D1DA22628EC5526003FB2E1 /* Resources */ = {
			isa = PBXResourcesBuildPhase;
			buildActionMask = 2147483647;
			files = (
				8D1DA23828EC5528003FB2E1 /* LaunchScreen.storyboard in Resources */,
				8D1DA23528EC5528003FB2E1 /* Assets.xcassets in Resources */,
				8D1DA23328EC5526003FB2E1 /* Main.storyboard in Resources */,
			);
			runOnlyForDeploymentPostprocessing = 0;
		};
		8D1DA23C28EC5528003FB2E1 /* Resources */ = {
			isa = PBXResourcesBuildPhase;
			buildActionMask = 2147483647;
			files = (
			);
			runOnlyForDeploymentPostprocessing = 0;
		};
/* End PBXResourcesBuildPhase section */

/* Begin PBXSourcesBuildPhase section */
		8D1DA22428EC5526003FB2E1 /* Sources */ = {
			isa = PBXSourcesBuildPhase;
			buildActionMask = 2147483647;
			files = (
				8DC4350B28F01D3200B7949B /* MainQueueDispatchDecorator.swift in Sources */,
				8DC4350C28F01D3200B7949B /* FeedUIComposer.swift in Sources */,
				8DC434D228ED711800B7949B /* FeedImageDataLoaderWithFallbackComposite.swift in Sources */,
				8D1DA22C28EC5526003FB2E1 /* AppDelegate.swift in Sources */,
				8DC4350928F01D3200B7949B /* FeedLoaderPresentationAdapter.swift in Sources */,
				8DC4350A28F01D3200B7949B /* FeedViewAdapter.swift in Sources */,
				8D1DA29128EC8AB4003FB2E1 /* FeedLoaderWithFallback.swift in Sources */,
				8DC4350828F01D3200B7949B /* FeedImageDataLoaderPresentationAdapter.swift in Sources */,
				8DC434E128ED95F800B7949B /* FeedLoaderCacheDecorator.swift in Sources */,
				8D1DA22E28EC5526003FB2E1 /* SceneDelegate.swift in Sources */,
				8DC4350D28F01D3200B7949B /* WeakRefVirtualProxy.swift in Sources */,
				8DC434FE28EEF0BF00B7949B /* FeedImageDataLoaderCacheDecorator.swift in Sources */,
			);
			runOnlyForDeploymentPostprocessing = 0;
		};
		8D1DA23A28EC5528003FB2E1 /* Sources */ = {
			isa = PBXSourcesBuildPhase;
			buildActionMask = 2147483647;
			files = (
				8DC434D728ED81ED00B7949B /* SharedTestHelpers.swift in Sources */,
				8DC4351728F01D7C00B7949B /* UIControl+TestHelpers.swift in Sources */,
				8DC4351F28F0207F00B7949B /* FeedAcceptanceTests.swift in Sources */,
				8DC4351828F01D7C00B7949B /* FeedViewControllerTests+Localization.swift in Sources */,
				8DC4351928F01D7C00B7949B /* FeedImageCell+DSLExtensions.swift in Sources */,
				8DC4351528F01D7C00B7949B /* UIRefreshControl+TestHelpers.swift in Sources */,
				8DC4352128F0388400B7949B /* HTTPClientStub.swift in Sources */,
				8DC434F628EEE80300B7949B /* FeedImageDataLoaderCacheDecoratorTests.swift in Sources */,
				8DC434DF28ED8FB600B7949B /* XCTestCase+FeedLoader.swift in Sources */,
				8DC434FA28EEED8500B7949B /* XCTestCase+FeedImageDataLoader.swift in Sources */,
				8DC4351B28F01D7C00B7949B /* FeedViewController+DSLExtensions.swift in Sources */,
				8DC4352328F038B500B7949B /* InMemoryFeedStore.swift in Sources */,
				8DC4351628F01D7C00B7949B /* UIImage+TestHelpers.swift in Sources */,
				8DC4350128F0177800B7949B /* SceneDelegateTests.swift in Sources */,
				8DC434DB28ED8D2A00B7949B /* FeedLoaderCacheDecoratorTests.swift in Sources */,
				8DC434F828EEED2400B7949B /* FeedImageDataLoaderSpy.swift in Sources */,
				8DC434D028ED68C400B7949B /* FeedImageDataLoaderWithFallbackCompositeTests.swift in Sources */,
				8D1DA24328EC5528003FB2E1 /* FeedLoaderWithFallbackCompositeTests.swift in Sources */,
				8D9D521528F0611200465FCB /* UIView+TestHelpers.swift in Sources */,
				8DC434DD28ED8EFE00B7949B /* FeedLoaderStub.swift in Sources */,
				8DC4351A28F01D7C00B7949B /* UIButton+TestHelpers.swift in Sources */,
				8DC4351D28F01D9800B7949B /* FeedUIIntegrationTests.swift in Sources */,
				8DC434D528ED81B100B7949B /* XCTestCase+MemoryLeakTracking.swift in Sources */,
			);
			runOnlyForDeploymentPostprocessing = 0;
		};
/* End PBXSourcesBuildPhase section */

/* Begin PBXTargetDependency section */
		8D1DA24028EC5528003FB2E1 /* PBXTargetDependency */ = {
			isa = PBXTargetDependency;
			target = 8D1DA22728EC5526003FB2E1 /* EssentialApp */;
			targetProxy = 8D1DA23F28EC5528003FB2E1 /* PBXContainerItemProxy */;
		};
/* End PBXTargetDependency section */

/* Begin PBXVariantGroup section */
		8D1DA23128EC5526003FB2E1 /* Main.storyboard */ = {
			isa = PBXVariantGroup;
			children = (
				8D1DA23228EC5526003FB2E1 /* Base */,
			);
			name = Main.storyboard;
			sourceTree = "<group>";
		};
		8D1DA23628EC5528003FB2E1 /* LaunchScreen.storyboard */ = {
			isa = PBXVariantGroup;
			children = (
				8D1DA23728EC5528003FB2E1 /* Base */,
			);
			name = LaunchScreen.storyboard;
			sourceTree = "<group>";
		};
/* End PBXVariantGroup section */

/* Begin XCBuildConfiguration section */
		8D1DA25028EC5528003FB2E1 /* Debug */ = {
			isa = XCBuildConfiguration;
			buildSettings = {
				ALWAYS_SEARCH_USER_PATHS = NO;
				CLANG_ANALYZER_NONNULL = YES;
				CLANG_ANALYZER_NUMBER_OBJECT_CONVERSION = YES_AGGRESSIVE;
				CLANG_CXX_LANGUAGE_STANDARD = "gnu++17";
				CLANG_ENABLE_MODULES = YES;
				CLANG_ENABLE_OBJC_ARC = YES;
				CLANG_ENABLE_OBJC_WEAK = YES;
				CLANG_WARN_BLOCK_CAPTURE_AUTORELEASING = YES;
				CLANG_WARN_BOOL_CONVERSION = YES;
				CLANG_WARN_COMMA = YES;
				CLANG_WARN_CONSTANT_CONVERSION = YES;
				CLANG_WARN_DEPRECATED_OBJC_IMPLEMENTATIONS = YES;
				CLANG_WARN_DIRECT_OBJC_ISA_USAGE = YES_ERROR;
				CLANG_WARN_DOCUMENTATION_COMMENTS = YES;
				CLANG_WARN_EMPTY_BODY = YES;
				CLANG_WARN_ENUM_CONVERSION = YES;
				CLANG_WARN_INFINITE_RECURSION = YES;
				CLANG_WARN_INT_CONVERSION = YES;
				CLANG_WARN_NON_LITERAL_NULL_CONVERSION = YES;
				CLANG_WARN_OBJC_IMPLICIT_RETAIN_SELF = YES;
				CLANG_WARN_OBJC_LITERAL_CONVERSION = YES;
				CLANG_WARN_OBJC_ROOT_CLASS = YES_ERROR;
				CLANG_WARN_QUOTED_INCLUDE_IN_FRAMEWORK_HEADER = YES;
				CLANG_WARN_RANGE_LOOP_ANALYSIS = YES;
				CLANG_WARN_STRICT_PROTOTYPES = YES;
				CLANG_WARN_SUSPICIOUS_MOVE = YES;
				CLANG_WARN_UNGUARDED_AVAILABILITY = YES_AGGRESSIVE;
				CLANG_WARN_UNREACHABLE_CODE = YES;
				CLANG_WARN__DUPLICATE_METHOD_MATCH = YES;
				COPY_PHASE_STRIP = NO;
				DEBUG_INFORMATION_FORMAT = dwarf;
				ENABLE_STRICT_OBJC_MSGSEND = YES;
				ENABLE_TESTABILITY = YES;
				GCC_C_LANGUAGE_STANDARD = gnu11;
				GCC_DYNAMIC_NO_PIC = NO;
				GCC_NO_COMMON_BLOCKS = YES;
				GCC_OPTIMIZATION_LEVEL = 0;
				GCC_PREPROCESSOR_DEFINITIONS = (
					"DEBUG=1",
					"$(inherited)",
				);
				GCC_WARN_64_TO_32_BIT_CONVERSION = YES;
				GCC_WARN_ABOUT_RETURN_TYPE = YES_ERROR;
				GCC_WARN_UNDECLARED_SELECTOR = YES;
				GCC_WARN_UNINITIALIZED_AUTOS = YES_AGGRESSIVE;
				GCC_WARN_UNUSED_FUNCTION = YES;
				GCC_WARN_UNUSED_VARIABLE = YES;
				IPHONEOS_DEPLOYMENT_TARGET = 15.5;
				MTL_ENABLE_DEBUG_INFO = INCLUDE_SOURCE;
				MTL_FAST_MATH = YES;
				ONLY_ACTIVE_ARCH = YES;
				SDKROOT = iphoneos;
				SWIFT_ACTIVE_COMPILATION_CONDITIONS = DEBUG;
				SWIFT_OPTIMIZATION_LEVEL = "-Onone";
			};
			name = Debug;
		};
		8D1DA25128EC5528003FB2E1 /* Release */ = {
			isa = XCBuildConfiguration;
			buildSettings = {
				ALWAYS_SEARCH_USER_PATHS = NO;
				CLANG_ANALYZER_NONNULL = YES;
				CLANG_ANALYZER_NUMBER_OBJECT_CONVERSION = YES_AGGRESSIVE;
				CLANG_CXX_LANGUAGE_STANDARD = "gnu++17";
				CLANG_ENABLE_MODULES = YES;
				CLANG_ENABLE_OBJC_ARC = YES;
				CLANG_ENABLE_OBJC_WEAK = YES;
				CLANG_WARN_BLOCK_CAPTURE_AUTORELEASING = YES;
				CLANG_WARN_BOOL_CONVERSION = YES;
				CLANG_WARN_COMMA = YES;
				CLANG_WARN_CONSTANT_CONVERSION = YES;
				CLANG_WARN_DEPRECATED_OBJC_IMPLEMENTATIONS = YES;
				CLANG_WARN_DIRECT_OBJC_ISA_USAGE = YES_ERROR;
				CLANG_WARN_DOCUMENTATION_COMMENTS = YES;
				CLANG_WARN_EMPTY_BODY = YES;
				CLANG_WARN_ENUM_CONVERSION = YES;
				CLANG_WARN_INFINITE_RECURSION = YES;
				CLANG_WARN_INT_CONVERSION = YES;
				CLANG_WARN_NON_LITERAL_NULL_CONVERSION = YES;
				CLANG_WARN_OBJC_IMPLICIT_RETAIN_SELF = YES;
				CLANG_WARN_OBJC_LITERAL_CONVERSION = YES;
				CLANG_WARN_OBJC_ROOT_CLASS = YES_ERROR;
				CLANG_WARN_QUOTED_INCLUDE_IN_FRAMEWORK_HEADER = YES;
				CLANG_WARN_RANGE_LOOP_ANALYSIS = YES;
				CLANG_WARN_STRICT_PROTOTYPES = YES;
				CLANG_WARN_SUSPICIOUS_MOVE = YES;
				CLANG_WARN_UNGUARDED_AVAILABILITY = YES_AGGRESSIVE;
				CLANG_WARN_UNREACHABLE_CODE = YES;
				CLANG_WARN__DUPLICATE_METHOD_MATCH = YES;
				COPY_PHASE_STRIP = NO;
				DEBUG_INFORMATION_FORMAT = "dwarf-with-dsym";
				ENABLE_NS_ASSERTIONS = NO;
				ENABLE_STRICT_OBJC_MSGSEND = YES;
				GCC_C_LANGUAGE_STANDARD = gnu11;
				GCC_NO_COMMON_BLOCKS = YES;
				GCC_WARN_64_TO_32_BIT_CONVERSION = YES;
				GCC_WARN_ABOUT_RETURN_TYPE = YES_ERROR;
				GCC_WARN_UNDECLARED_SELECTOR = YES;
				GCC_WARN_UNINITIALIZED_AUTOS = YES_AGGRESSIVE;
				GCC_WARN_UNUSED_FUNCTION = YES;
				GCC_WARN_UNUSED_VARIABLE = YES;
				IPHONEOS_DEPLOYMENT_TARGET = 15.5;
				MTL_ENABLE_DEBUG_INFO = NO;
				MTL_FAST_MATH = YES;
				SDKROOT = iphoneos;
				SWIFT_COMPILATION_MODE = wholemodule;
				SWIFT_OPTIMIZATION_LEVEL = "-O";
				VALIDATE_PRODUCT = YES;
			};
			name = Release;
		};
		8D1DA25328EC5528003FB2E1 /* Debug */ = {
			isa = XCBuildConfiguration;
			buildSettings = {
				ASSETCATALOG_COMPILER_APPICON_NAME = AppIcon;
				ASSETCATALOG_COMPILER_GLOBAL_ACCENT_COLOR_NAME = AccentColor;
				CODE_SIGN_STYLE = Automatic;
				CURRENT_PROJECT_VERSION = 1;
				DEVELOPMENT_TEAM = WUJDW64U79;
				GENERATE_INFOPLIST_FILE = YES;
				INFOPLIST_FILE = EssentialApp/Info.plist;
				INFOPLIST_KEY_UIApplicationSupportsIndirectInputEvents = YES;
				INFOPLIST_KEY_UILaunchStoryboardName = LaunchScreen;
				INFOPLIST_KEY_UIMainStoryboardFile = Main;
				INFOPLIST_KEY_UISupportedInterfaceOrientations_iPad = "UIInterfaceOrientationPortrait UIInterfaceOrientationPortraitUpsideDown UIInterfaceOrientationLandscapeLeft UIInterfaceOrientationLandscapeRight";
				INFOPLIST_KEY_UISupportedInterfaceOrientations_iPhone = "UIInterfaceOrientationPortrait UIInterfaceOrientationLandscapeLeft UIInterfaceOrientationLandscapeRight";
				LD_RUNPATH_SEARCH_PATHS = (
					"$(inherited)",
					"@executable_path/Frameworks",
				);
				MARKETING_VERSION = 1.0;
				PRODUCT_BUNDLE_IDENTIFIER = "AE-team.EssentialApp";
				PRODUCT_NAME = "$(TARGET_NAME)";
				SWIFT_EMIT_LOC_STRINGS = YES;
				SWIFT_VERSION = 5.0;
				TARGETED_DEVICE_FAMILY = "1,2";
			};
			name = Debug;
		};
		8D1DA25428EC5528003FB2E1 /* Release */ = {
			isa = XCBuildConfiguration;
			buildSettings = {
				ASSETCATALOG_COMPILER_APPICON_NAME = AppIcon;
				ASSETCATALOG_COMPILER_GLOBAL_ACCENT_COLOR_NAME = AccentColor;
				CODE_SIGN_STYLE = Automatic;
				CURRENT_PROJECT_VERSION = 1;
				DEVELOPMENT_TEAM = WUJDW64U79;
				GENERATE_INFOPLIST_FILE = YES;
				INFOPLIST_FILE = EssentialApp/Info.plist;
				INFOPLIST_KEY_UIApplicationSupportsIndirectInputEvents = YES;
				INFOPLIST_KEY_UILaunchStoryboardName = LaunchScreen;
				INFOPLIST_KEY_UIMainStoryboardFile = Main;
				INFOPLIST_KEY_UISupportedInterfaceOrientations_iPad = "UIInterfaceOrientationPortrait UIInterfaceOrientationPortraitUpsideDown UIInterfaceOrientationLandscapeLeft UIInterfaceOrientationLandscapeRight";
				INFOPLIST_KEY_UISupportedInterfaceOrientations_iPhone = "UIInterfaceOrientationPortrait UIInterfaceOrientationLandscapeLeft UIInterfaceOrientationLandscapeRight";
				LD_RUNPATH_SEARCH_PATHS = (
					"$(inherited)",
					"@executable_path/Frameworks",
				);
				MARKETING_VERSION = 1.0;
				PRODUCT_BUNDLE_IDENTIFIER = "AE-team.EssentialApp";
				PRODUCT_NAME = "$(TARGET_NAME)";
				SWIFT_EMIT_LOC_STRINGS = YES;
				SWIFT_VERSION = 5.0;
				TARGETED_DEVICE_FAMILY = "1,2";
			};
			name = Release;
		};
		8D1DA25628EC5528003FB2E1 /* Debug */ = {
			isa = XCBuildConfiguration;
			buildSettings = {
				ALWAYS_EMBED_SWIFT_STANDARD_LIBRARIES = YES;
				BUNDLE_LOADER = "$(TEST_HOST)";
				CODE_SIGN_STYLE = Automatic;
				CURRENT_PROJECT_VERSION = 1;
				DEVELOPMENT_TEAM = WUJDW64U79;
				GENERATE_INFOPLIST_FILE = YES;
				IPHONEOS_DEPLOYMENT_TARGET = 15.5;
				MARKETING_VERSION = 1.0;
				PRODUCT_BUNDLE_IDENTIFIER = "AE-team.EssentialAppTests";
				PRODUCT_NAME = "$(TARGET_NAME)";
				SWIFT_EMIT_LOC_STRINGS = NO;
				SWIFT_VERSION = 5.0;
				TARGETED_DEVICE_FAMILY = "1,2";
				TEST_HOST = "$(BUILT_PRODUCTS_DIR)/EssentialApp.app/EssentialApp";
			};
			name = Debug;
		};
		8D1DA25728EC5528003FB2E1 /* Release */ = {
			isa = XCBuildConfiguration;
			buildSettings = {
				ALWAYS_EMBED_SWIFT_STANDARD_LIBRARIES = YES;
				BUNDLE_LOADER = "$(TEST_HOST)";
				CODE_SIGN_STYLE = Automatic;
				CURRENT_PROJECT_VERSION = 1;
				DEVELOPMENT_TEAM = WUJDW64U79;
				GENERATE_INFOPLIST_FILE = YES;
				IPHONEOS_DEPLOYMENT_TARGET = 15.5;
				MARKETING_VERSION = 1.0;
				PRODUCT_BUNDLE_IDENTIFIER = "AE-team.EssentialAppTests";
				PRODUCT_NAME = "$(TARGET_NAME)";
				SWIFT_EMIT_LOC_STRINGS = NO;
				SWIFT_VERSION = 5.0;
				TARGETED_DEVICE_FAMILY = "1,2";
				TEST_HOST = "$(BUILT_PRODUCTS_DIR)/EssentialApp.app/EssentialApp";
			};
			name = Release;
		};
/* End XCBuildConfiguration section */

/* Begin XCConfigurationList section */
		8D1DA22328EC5526003FB2E1 /* Build configuration list for PBXProject "EssentialApp" */ = {
			isa = XCConfigurationList;
			buildConfigurations = (
				8D1DA25028EC5528003FB2E1 /* Debug */,
				8D1DA25128EC5528003FB2E1 /* Release */,
			);
			defaultConfigurationIsVisible = 0;
			defaultConfigurationName = Release;
		};
		8D1DA25228EC5528003FB2E1 /* Build configuration list for PBXNativeTarget "EssentialApp" */ = {
			isa = XCConfigurationList;
			buildConfigurations = (
				8D1DA25328EC5528003FB2E1 /* Debug */,
				8D1DA25428EC5528003FB2E1 /* Release */,
			);
			defaultConfigurationIsVisible = 0;
			defaultConfigurationName = Release;
		};
		8D1DA25528EC5528003FB2E1 /* Build configuration list for PBXNativeTarget "EssentialAppTests" */ = {
			isa = XCConfigurationList;
			buildConfigurations = (
				8D1DA25628EC5528003FB2E1 /* Debug */,
				8D1DA25728EC5528003FB2E1 /* Release */,
			);
			defaultConfigurationIsVisible = 0;
			defaultConfigurationName = Release;
		};
/* End XCConfigurationList section */
	};
	rootObject = 8D1DA22028EC5526003FB2E1 /* Project object */;
}
